// !$*UTF8*$!
{
	archiveVersion = 1;
	classes = {
	};
	objectVersion = 46;
	objects = {

/* Begin PBXBuildFile section */
		4252A2BDC25B9F1A59F49162 /* libPods.a in Frameworks */ = {isa = PBXBuildFile; fileRef = C64BD1BEE6F8A8DA4BC9BE2A /* libPods.a */; };
		AB2B1EB51B0B7A500038A3E0 /* UIKit.framework in Frameworks */ = {isa = PBXBuildFile; fileRef = AB2B1EB41B0B7A500038A3E0 /* UIKit.framework */; };
		AB2B1EB81B0B7B5B0038A3E0 /* Foundation.framework in Frameworks */ = {isa = PBXBuildFile; fileRef = AB2B1EB71B0B7B5B0038A3E0 /* Foundation.framework */; };
		AB2B1EBA1B0B7B890038A3E0 /* CoreGraphics.framework in Frameworks */ = {isa = PBXBuildFile; fileRef = AB2B1EB91B0B7B890038A3E0 /* CoreGraphics.framework */; };
		AB320AB51B21B69100E8FF7C /* .gitkeep in Resources */ = {isa = PBXBuildFile; fileRef = AB320AB21B21B69100E8FF7C /* .gitkeep */; };
		AB320AB61B21B69100E8FF7C /* STAlertView.m in Sources */ = {isa = PBXBuildFile; fileRef = AB320AB41B21B69100E8FF7C /* STAlertView.m */; };
		AB320AC81B246EC300E8FF7C /* SliderSwitch.m in Sources */ = {isa = PBXBuildFile; fileRef = AB320AC71B246EC300E8FF7C /* SliderSwitch.m */; };
		AB3ED6AF1BBE250500FE8180 /* YFChooseParameterVC.m in Sources */ = {isa = PBXBuildFile; fileRef = AB3ED6AE1BBE250500FE8180 /* YFChooseParameterVC.m */; };
		AB3ED7441BBED35800FE8180 /* MHTextField.m in Sources */ = {isa = PBXBuildFile; fileRef = AB3ED7431BBED35800FE8180 /* MHTextField.m */; };
		AB3ED7471BBF65B000FE8180 /* PeripheralInfo.m in Sources */ = {isa = PBXBuildFile; fileRef = AB3ED7461BBF65B000FE8180 /* PeripheralInfo.m */; };
		AB3ED7641BC1409200FE8180 /* webViewVC.m in Sources */ = {isa = PBXBuildFile; fileRef = AB3ED7631BC1409200FE8180 /* webViewVC.m */; };
		AB3ED7661BC1648300FE8180 /* NewAlarm.xib in Resources */ = {isa = PBXBuildFile; fileRef = AB3ED7651BC1648300FE8180 /* NewAlarm.xib */; };
		AB3ED7691BC16E1E00FE8180 /* YFNewAlarmTableViewCell.m in Sources */ = {isa = PBXBuildFile; fileRef = AB3ED7681BC16E1E00FE8180 /* YFNewAlarmTableViewCell.m */; };
		AB43D9031B305C9900426AAB /* YFAlarmTVC.m in Sources */ = {isa = PBXBuildFile; fileRef = AB43D9021B305C9900426AAB /* YFAlarmTVC.m */; };
		AB43D90A1B32F3E200426AAB /* MMMaterialDesignSpinner.m in Sources */ = {isa = PBXBuildFile; fileRef = AB43D9091B32F3E200426AAB /* MMMaterialDesignSpinner.m */; };
		AB454D351B1BD1DF00FC10CD /* YFRecordTVC.m in Sources */ = {isa = PBXBuildFile; fileRef = AB454D341B1BD1DF00FC10CD /* YFRecordTVC.m */; };
		AB454D391B1BD1F100FC10CD /* YFHistoryVC.m in Sources */ = {isa = PBXBuildFile; fileRef = AB454D381B1BD1F100FC10CD /* YFHistoryVC.m */; };
		AB454D3D1B1BD20100FC10CD /* YFSettingTableViewController.m in Sources */ = {isa = PBXBuildFile; fileRef = AB454D3C1B1BD20100FC10CD /* YFSettingTableViewController.m */; };
		AB457F881BC4FE0300FADEEF /* Main.storyboard in Resources */ = {isa = PBXBuildFile; fileRef = AB457F861BC4FE0300FADEEF /* Main.storyboard */; };
		AB4748611B1F431F003EFACE /* area.plist in Resources */ = {isa = PBXBuildFile; fileRef = AB4748581B1F431F003EFACE /* area.plist */; };
		AB4748621B1F431F003EFACE /* down_dark0.png in Resources */ = {isa = PBXBuildFile; fileRef = AB4748591B1F431F003EFACE /* down_dark0.png */; };
		AB4748631B1F431F003EFACE /* screentshoot1.png in Resources */ = {isa = PBXBuildFile; fileRef = AB47485A1B1F431F003EFACE /* screentshoot1.png */; };
		AB4748641B1F431F003EFACE /* screentshoot2.png in Resources */ = {isa = PBXBuildFile; fileRef = AB47485B1B1F431F003EFACE /* screentshoot2.png */; };
		AB4748651B1F431F003EFACE /* LMComBoxView.m in Sources */ = {isa = PBXBuildFile; fileRef = AB47485E1B1F431F003EFACE /* LMComBoxView.m */; };
		AB4748661B1F431F003EFACE /* LMContainsLMComboxScrollView.m in Sources */ = {isa = PBXBuildFile; fileRef = AB4748601B1F431F003EFACE /* LMContainsLMComboxScrollView.m */; };
		AB4750FF1B1899470033B878 /* treatItem.plist in Resources */ = {isa = PBXBuildFile; fileRef = AB4750FE1B1899470033B878 /* treatItem.plist */; };
		AB497A891BB0C97D0034A177 /* YFPamameterItemTableViewController.m in Sources */ = {isa = PBXBuildFile; fileRef = AB497A881BB0C97D0034A177 /* YFPamameterItemTableViewController.m */; };
		AB497A8B1BB80C0B0034A177 /* login.storyboard in Resources */ = {isa = PBXBuildFile; fileRef = AB497A8A1BB80C0B0034A177 /* login.storyboard */; };
		AB497A911BB9736C0034A177 /* YFLoginVC.m in Sources */ = {isa = PBXBuildFile; fileRef = AB497A901BB9736C0034A177 /* YFLoginVC.m */; };
		AB497A931BB985AD0034A177 /* Images.xcassets in Resources */ = {isa = PBXBuildFile; fileRef = AB497A921BB985AD0034A177 /* Images.xcassets */; };
		AB4B6C5D1BD1EEDC00E43A4E /* FMDatabase.m in Sources */ = {isa = PBXBuildFile; fileRef = AB4B6C481BD1EEDC00E43A4E /* FMDatabase.m */; };
		AB4B6C5E1BD1EEDC00E43A4E /* FMDatabaseAdditions.m in Sources */ = {isa = PBXBuildFile; fileRef = AB4B6C4A1BD1EEDC00E43A4E /* FMDatabaseAdditions.m */; };
		AB4B6C5F1BD1EEDC00E43A4E /* FMDatabasePool.m in Sources */ = {isa = PBXBuildFile; fileRef = AB4B6C4C1BD1EEDC00E43A4E /* FMDatabasePool.m */; };
		AB4B6C601BD1EEDC00E43A4E /* FMDatabaseQueue.m in Sources */ = {isa = PBXBuildFile; fileRef = AB4B6C4E1BD1EEDC00E43A4E /* FMDatabaseQueue.m */; };
		AB4B6C611BD1EEDC00E43A4E /* FMResultSet.m in Sources */ = {isa = PBXBuildFile; fileRef = AB4B6C511BD1EEDC00E43A4E /* FMResultSet.m */; };
		AB4B6C621BD1EEDC00E43A4E /* LKDB+Mapping.m in Sources */ = {isa = PBXBuildFile; fileRef = AB4B6C541BD1EEDC00E43A4E /* LKDB+Mapping.m */; };
		AB4B6C631BD1EEDC00E43A4E /* LKDBHelper.m in Sources */ = {isa = PBXBuildFile; fileRef = AB4B6C561BD1EEDC00E43A4E /* LKDBHelper.m */; };
		AB4B6C641BD1EEDC00E43A4E /* LKDBUtils.m in Sources */ = {isa = PBXBuildFile; fileRef = AB4B6C581BD1EEDC00E43A4E /* LKDBUtils.m */; };
		AB4B6C651BD1EEDC00E43A4E /* NSObject+LKDBHelper.m in Sources */ = {isa = PBXBuildFile; fileRef = AB4B6C5A1BD1EEDC00E43A4E /* NSObject+LKDBHelper.m */; };
		AB4B6C661BD1EEDC00E43A4E /* NSObject+LKModel.m in Sources */ = {isa = PBXBuildFile; fileRef = AB4B6C5C1BD1EEDC00E43A4E /* NSObject+LKModel.m */; };
		AB4B6C6C1BD1EEE800E43A4E /* LKAlarmEvent.m in Sources */ = {isa = PBXBuildFile; fileRef = AB4B6C691BD1EEE800E43A4E /* LKAlarmEvent.m */; };
		AB4B6C6D1BD1EEE800E43A4E /* LKAlarmMamager.m in Sources */ = {isa = PBXBuildFile; fileRef = AB4B6C6B1BD1EEE800E43A4E /* LKAlarmMamager.m */; };
		AB4B6C731BD361F100E43A4E /* bleCentralManager.m in Sources */ = {isa = PBXBuildFile; fileRef = AB4B6C701BD361F100E43A4E /* bleCentralManager.m */; };
		AB4B6C741BD361F100E43A4E /* blePeripheral.m in Sources */ = {isa = PBXBuildFile; fileRef = AB4B6C721BD361F100E43A4E /* blePeripheral.m */; };
		AB4B6C781BD367B800E43A4E /* cell.m in Sources */ = {isa = PBXBuildFile; fileRef = AB4B6C761BD367B800E43A4E /* cell.m */; };
		AB4B6C791BD367B800E43A4E /* cell.xib in Resources */ = {isa = PBXBuildFile; fileRef = AB4B6C771BD367B800E43A4E /* cell.xib */; };
		AB4C83E61BC253DB006EBADF /* YFAlarmBtn.xib in Resources */ = {isa = PBXBuildFile; fileRef = AB4C83E51BC253DB006EBADF /* YFAlarmBtn.xib */; };
		AB4C83E91BC255C3006EBADF /* YFAlarmBtnTableViewCell.m in Sources */ = {isa = PBXBuildFile; fileRef = AB4C83E81BC255C3006EBADF /* YFAlarmBtnTableViewCell.m */; };
		AB4C857D1AE5219800D67565 /* LaunchScreen.xib in Resources */ = {isa = PBXBuildFile; fileRef = AB4C857B1AE5219800D67565 /* LaunchScreen.xib */; };
		AB4C85891AE5219800D67565 /* YF002Tests.m in Sources */ = {isa = PBXBuildFile; fileRef = AB4C85881AE5219800D67565 /* YF002Tests.m */; };
		AB5BB74F1B0CB6C500CB1FA8 /* AKPickerView.m in Sources */ = {isa = PBXBuildFile; fileRef = AB5BB74E1B0CB6C500CB1FA8 /* AKPickerView.m */; };
		AB5BB78A1B0CBDFA00CB1FA8 /* YFNavigationController.m in Sources */ = {isa = PBXBuildFile; fileRef = AB5BB7571B0CBDFA00CB1FA8 /* YFNavigationController.m */; };
		AB5BB78B1B0CBDFA00CB1FA8 /* YFTabBarViewController.m in Sources */ = {isa = PBXBuildFile; fileRef = AB5BB7591B0CBDFA00CB1FA8 /* YFTabBarViewController.m */; };
		AB5BB78F1B0CBDFA00CB1FA8 /* YFNewfeatureViewController.m in Sources */ = {isa = PBXBuildFile; fileRef = AB5BB7651B0CBDFA00CB1FA8 /* YFNewfeatureViewController.m */; };
		AB5BB7901B0CBDFA00CB1FA8 /* YFPageControl.m in Sources */ = {isa = PBXBuildFile; fileRef = AB5BB7691B0CBDFA00CB1FA8 /* YFPageControl.m */; };
		AB5BB7911B0CBDFA00CB1FA8 /* YFHomeViewController.m in Sources */ = {isa = PBXBuildFile; fileRef = AB5BB76D1B0CBDFA00CB1FA8 /* YFHomeViewController.m */; };
		AB5BB7971B0CBDFA00CB1FA8 /* main.m in Sources */ = {isa = PBXBuildFile; fileRef = AB5BB7871B0CBDFA00CB1FA8 /* main.m */; };
		AB5BB7981B0CBDFA00CB1FA8 /* YFAppDelegate.m in Sources */ = {isa = PBXBuildFile; fileRef = AB5BB7891B0CBDFA00CB1FA8 /* YFAppDelegate.m */; };
		AB6506EF1B3859C9000978E4 /* CoreBluetooth.framework in Frameworks */ = {isa = PBXBuildFile; fileRef = AB6506EE1B3859C9000978E4 /* CoreBluetooth.framework */; };
		AB8F6D751B2077F300377D42 /* NSDate+convenience.m in Sources */ = {isa = PBXBuildFile; fileRef = AB8F6D6A1B2077F300377D42 /* NSDate+convenience.m */; };
		AB8F6D761B2077F300377D42 /* NSMutableArray+convenience.m in Sources */ = {isa = PBXBuildFile; fileRef = AB8F6D6C1B2077F300377D42 /* NSMutableArray+convenience.m */; };
		AB8F6D771B2077F300377D42 /* UIColor+expanded.m in Sources */ = {isa = PBXBuildFile; fileRef = AB8F6D6E1B2077F300377D42 /* UIColor+expanded.m */; };
		AB8F6D781B2077F300377D42 /* UIView+convenience.m in Sources */ = {isa = PBXBuildFile; fileRef = AB8F6D701B2077F300377D42 /* UIView+convenience.m */; };
		AB8F6D7A1B2077F300377D42 /* VRGCalendarView.m in Sources */ = {isa = PBXBuildFile; fileRef = AB8F6D741B2077F300377D42 /* VRGCalendarView.m */; };
		AB995DB51B3AD71C00B7ACF6 /* YFRepeatTVC.m in Sources */ = {isa = PBXBuildFile; fileRef = AB995DB41B3AD71C00B7ACF6 /* YFRepeatTVC.m */; };
		AB995DB71B3FBD3300B7ACF6 /* MessageUI.framework in Frameworks */ = {isa = PBXBuildFile; fileRef = AB995DB61B3FBD3300B7ACF6 /* MessageUI.framework */; };
		AB995DBF1B40516F00B7ACF6 /* chatView.m in Sources */ = {isa = PBXBuildFile; fileRef = AB995DBA1B40516F00B7ACF6 /* chatView.m */; };
		AB995DC01B40516F00B7ACF6 /* InfoView.m in Sources */ = {isa = PBXBuildFile; fileRef = AB995DBC1B40516F00B7ACF6 /* InfoView.m */; };
		AB995DC11B40516F00B7ACF6 /* UIKit+DrawingHelpers.m in Sources */ = {isa = PBXBuildFile; fileRef = AB995DBE1B40516F00B7ACF6 /* UIKit+DrawingHelpers.m */; };
		AB9B0E431BBD5D7200F94E63 /* BabyBluetooth.m in Sources */ = {isa = PBXBuildFile; fileRef = AB9B0E361BBD5D7200F94E63 /* BabyBluetooth.m */; };
		AB9B0E441BBD5D7200F94E63 /* BabyCallback.m in Sources */ = {isa = PBXBuildFile; fileRef = AB9B0E381BBD5D7200F94E63 /* BabyCallback.m */; };
		AB9B0E451BBD5D7200F94E63 /* BabyOptions.m in Sources */ = {isa = PBXBuildFile; fileRef = AB9B0E3A1BBD5D7200F94E63 /* BabyOptions.m */; };
		AB9B0E461BBD5D7200F94E63 /* BabyRhythm.m in Sources */ = {isa = PBXBuildFile; fileRef = AB9B0E3C1BBD5D7200F94E63 /* BabyRhythm.m */; };
		AB9B0E471BBD5D7200F94E63 /* Babysister.m in Sources */ = {isa = PBXBuildFile; fileRef = AB9B0E3E1BBD5D7200F94E63 /* Babysister.m */; };
		AB9B0E481BBD5D7200F94E63 /* BabySpeaker.m in Sources */ = {isa = PBXBuildFile; fileRef = AB9B0E401BBD5D7200F94E63 /* BabySpeaker.m */; };
		AB9B0E491BBD5D7200F94E63 /* BabyToy.m in Sources */ = {isa = PBXBuildFile; fileRef = AB9B0E421BBD5D7200F94E63 /* BabyToy.m */; };
		AB9B0E501BBD66AE00F94E63 /* SVIndefiniteAnimatedView.m in Sources */ = {isa = PBXBuildFile; fileRef = AB9B0E4C1BBD66AE00F94E63 /* SVIndefiniteAnimatedView.m */; };
		AB9B0E511BBD66AE00F94E63 /* SVProgressHUD.bundle in Resources */ = {isa = PBXBuildFile; fileRef = AB9B0E4D1BBD66AE00F94E63 /* SVProgressHUD.bundle */; };
		AB9B0E521BBD66AE00F94E63 /* SVProgressHUD.m in Sources */ = {isa = PBXBuildFile; fileRef = AB9B0E4F1BBD66AE00F94E63 /* SVProgressHUD.m */; };
		AB9B0E551BBD787800F94E63 /* YFRegsiterVC.m in Sources */ = {isa = PBXBuildFile; fileRef = AB9B0E541BBD787800F94E63 /* YFRegsiterVC.m */; };
		ABA593D31B663CE2004C4A87 /* libsqlite3.0.dylib in Frameworks */ = {isa = PBXBuildFile; fileRef = ABA593D21B663CE2004C4A87 /* libsqlite3.0.dylib */; };
		ABAB51A71B10DF00001663D2 /* Info.plist in Resources */ = {isa = PBXBuildFile; fileRef = ABAB51A41B10DF00001663D2 /* Info.plist */; };
		ABAB51A81B10DF00001663D2 /* MZTimerLabel.m in Sources */ = {isa = PBXBuildFile; fileRef = ABAB51A61B10DF00001663D2 /* MZTimerLabel.m */; };
		ABB43DEA1B134783000C83AA /* YFTreatParameterItem.m in Sources */ = {isa = PBXBuildFile; fileRef = ABB43DE91B134783000C83AA /* YFTreatParameterItem.m */; };
		ABB43DEC1B147EB9000C83AA /* treatItemList.plist in Resources */ = {isa = PBXBuildFile; fileRef = ABB43DEB1B147EB9000C83AA /* treatItemList.plist */; };
		ABB43DF71B15EBA8000C83AA /* treatParameterItemsViewCell.m in Sources */ = {isa = PBXBuildFile; fileRef = ABB43DF51B15EBA8000C83AA /* treatParameterItemsViewCell.m */; };
		ABB43DF81B15EBA8000C83AA /* treatParameterItemsViewCell.xib in Resources */ = {isa = PBXBuildFile; fileRef = ABB43DF61B15EBA8000C83AA /* treatParameterItemsViewCell.xib */; };
		ABB54A871BC28BC100C565B3 /* YFDoneVC.m in Sources */ = {isa = PBXBuildFile; fileRef = ABB54A861BC28BC100C565B3 /* YFDoneVC.m */; };
		ABB54A8A1BC35F3500C565B3 /* YFNewFeatureViewPVC.m in Sources */ = {isa = PBXBuildFile; fileRef = ABB54A891BC35F3500C565B3 /* YFNewFeatureViewPVC.m */; };
		ABB54B021BC37A6300C565B3 /* QuartzCore.framework in Frameworks */ = {isa = PBXBuildFile; fileRef = ABB54B011BC37A6300C565B3 /* QuartzCore.framework */; };
		ABB54B041BC37F1700C565B3 /* libstdc++.dylib in Frameworks */ = {isa = PBXBuildFile; fileRef = ABB54B031BC37F1700C565B3 /* libstdc++.dylib */; };
		ABB54B061BC37F2A00C565B3 /* libz.1.1.3.dylib in Frameworks */ = {isa = PBXBuildFile; fileRef = ABB54B051BC37F2A00C565B3 /* libz.1.1.3.dylib */; };
		ABB54B0C1BC4A50200C565B3 /* MYBlurIntroductionView.m in Sources */ = {isa = PBXBuildFile; fileRef = ABB54B091BC4A50200C565B3 /* MYBlurIntroductionView.m */; };
		ABB54B0D1BC4A50200C565B3 /* MYIntroductionPanel.m in Sources */ = {isa = PBXBuildFile; fileRef = ABB54B0B1BC4A50200C565B3 /* MYIntroductionPanel.m */; };
		ABB54B0F1BC4A69400C565B3 /* NewFeatureView1.xib in Resources */ = {isa = PBXBuildFile; fileRef = ABB54B0E1BC4A69400C565B3 /* NewFeatureView1.xib */; };
		ABB54B111BC4AB3200C565B3 /* NewFeatureView2.xib in Resources */ = {isa = PBXBuildFile; fileRef = ABB54B101BC4AB3200C565B3 /* NewFeatureView2.xib */; };
		ABB54B131BC4AB7B00C565B3 /* NewFeatureView3.xib in Resources */ = {isa = PBXBuildFile; fileRef = ABB54B121BC4AB7B00C565B3 /* NewFeatureView3.xib */; };
		ABC60D821BC9D66A00B25337 /* YFSettingWebVC.m in Sources */ = {isa = PBXBuildFile; fileRef = ABC60D811BC9D66A00B25337 /* YFSettingWebVC.m */; };
		ABD3FE4C1B1B19F100190AE5 /* treatHistory.plist in Resources */ = {isa = PBXBuildFile; fileRef = ABD3FE4B1B1B19F100190AE5 /* treatHistory.plist */; };
		ABD3FE531B1B1D1900190AE5 /* treatRecordTVCell.m in Sources */ = {isa = PBXBuildFile; fileRef = ABD3FE511B1B1D1900190AE5 /* treatRecordTVCell.m */; };
		ABD3FE541B1B1D1900190AE5 /* treatRecordTVCell.xib in Resources */ = {isa = PBXBuildFile; fileRef = ABD3FE521B1B1D1900190AE5 /* treatRecordTVCell.xib */; };
		ABF2397E1BC7F24C0002D3E4 /* TextFieldValidator.m in Sources */ = {isa = PBXBuildFile; fileRef = ABF2397D1BC7F24C0002D3E4 /* TextFieldValidator.m */; };
/* End PBXBuildFile section */

/* Begin PBXContainerItemProxy section */
		AB4C85831AE5219800D67565 /* PBXContainerItemProxy */ = {
			isa = PBXContainerItemProxy;
			containerPortal = AB4C85611AE5219800D67565 /* Project object */;
			proxyType = 1;
			remoteGlobalIDString = AB4C85681AE5219800D67565;
			remoteInfo = YF002;
		};
/* End PBXContainerItemProxy section */

/* Begin PBXFileReference section */
		AB2B1EB41B0B7A500038A3E0 /* UIKit.framework */ = {isa = PBXFileReference; lastKnownFileType = wrapper.framework; name = UIKit.framework; path = System/Library/Frameworks/UIKit.framework; sourceTree = SDKROOT; };
		AB2B1EB71B0B7B5B0038A3E0 /* Foundation.framework */ = {isa = PBXFileReference; lastKnownFileType = wrapper.framework; name = Foundation.framework; path = System/Library/Frameworks/Foundation.framework; sourceTree = SDKROOT; };
		AB2B1EB91B0B7B890038A3E0 /* CoreGraphics.framework */ = {isa = PBXFileReference; lastKnownFileType = wrapper.framework; name = CoreGraphics.framework; path = System/Library/Frameworks/CoreGraphics.framework; sourceTree = SDKROOT; };
		AB2B1EDF1B0B7DF70038A3E0 /* headTerm-Prefix.pch */ = {isa = PBXFileReference; lastKnownFileType = sourcecode.c.h; path = "headTerm-Prefix.pch"; sourceTree = "<group>"; };
		AB320AB21B21B69100E8FF7C /* .gitkeep */ = {isa = PBXFileReference; fileEncoding = 4; lastKnownFileType = text; path = .gitkeep; sourceTree = "<group>"; };
		AB320AB31B21B69100E8FF7C /* STAlertView.h */ = {isa = PBXFileReference; fileEncoding = 4; lastKnownFileType = sourcecode.c.h; path = STAlertView.h; sourceTree = "<group>"; };
		AB320AB41B21B69100E8FF7C /* STAlertView.m */ = {isa = PBXFileReference; fileEncoding = 4; lastKnownFileType = sourcecode.c.objc; path = STAlertView.m; sourceTree = "<group>"; };
		AB320AC61B246EC300E8FF7C /* SliderSwitch.h */ = {isa = PBXFileReference; fileEncoding = 4; lastKnownFileType = sourcecode.c.h; path = SliderSwitch.h; sourceTree = "<group>"; };
		AB320AC71B246EC300E8FF7C /* SliderSwitch.m */ = {isa = PBXFileReference; fileEncoding = 4; lastKnownFileType = sourcecode.c.objc; path = SliderSwitch.m; sourceTree = "<group>"; };
		AB3ED6AD1BBE250500FE8180 /* YFChooseParameterVC.h */ = {isa = PBXFileReference; fileEncoding = 4; lastKnownFileType = sourcecode.c.h; name = YFChooseParameterVC.h; path = "../../0Main(主要)/Controller/YFChooseParameterVC.h"; sourceTree = "<group>"; };
		AB3ED6AE1BBE250500FE8180 /* YFChooseParameterVC.m */ = {isa = PBXFileReference; fileEncoding = 4; lastKnownFileType = sourcecode.c.objc; name = YFChooseParameterVC.m; path = "../../0Main(主要)/Controller/YFChooseParameterVC.m"; sourceTree = "<group>"; };
		AB3ED7421BBED35800FE8180 /* MHTextField.h */ = {isa = PBXFileReference; fileEncoding = 4; lastKnownFileType = sourcecode.c.h; path = MHTextField.h; sourceTree = "<group>"; };
		AB3ED7431BBED35800FE8180 /* MHTextField.m */ = {isa = PBXFileReference; fileEncoding = 4; lastKnownFileType = sourcecode.c.objc; path = MHTextField.m; sourceTree = "<group>"; };
		AB3ED7451BBF65B000FE8180 /* PeripheralInfo.h */ = {isa = PBXFileReference; fileEncoding = 4; lastKnownFileType = sourcecode.c.h; path = PeripheralInfo.h; sourceTree = "<group>"; };
		AB3ED7461BBF65B000FE8180 /* PeripheralInfo.m */ = {isa = PBXFileReference; fileEncoding = 4; lastKnownFileType = sourcecode.c.objc; path = PeripheralInfo.m; sourceTree = "<group>"; };
		AB3ED7621BC1409200FE8180 /* webViewVC.h */ = {isa = PBXFileReference; fileEncoding = 4; lastKnownFileType = sourcecode.c.h; path = webViewVC.h; sourceTree = "<group>"; };
		AB3ED7631BC1409200FE8180 /* webViewVC.m */ = {isa = PBXFileReference; fileEncoding = 4; lastKnownFileType = sourcecode.c.objc; path = webViewVC.m; sourceTree = "<group>"; };
		AB3ED7651BC1648300FE8180 /* NewAlarm.xib */ = {isa = PBXFileReference; fileEncoding = 4; lastKnownFileType = file.xib; name = NewAlarm.xib; path = ../Controller/NewAlarm.xib; sourceTree = "<group>"; };
		AB3ED7671BC16E1E00FE8180 /* YFNewAlarmTableViewCell.h */ = {isa = PBXFileReference; fileEncoding = 4; lastKnownFileType = sourcecode.c.h; path = YFNewAlarmTableViewCell.h; sourceTree = "<group>"; };
		AB3ED7681BC16E1E00FE8180 /* YFNewAlarmTableViewCell.m */ = {isa = PBXFileReference; fileEncoding = 4; lastKnownFileType = sourcecode.c.objc; path = YFNewAlarmTableViewCell.m; sourceTree = "<group>"; };
		AB43D9011B305C9900426AAB /* YFAlarmTVC.h */ = {isa = PBXFileReference; fileEncoding = 4; lastKnownFileType = sourcecode.c.h; path = YFAlarmTVC.h; sourceTree = "<group>"; };
		AB43D9021B305C9900426AAB /* YFAlarmTVC.m */ = {isa = PBXFileReference; fileEncoding = 4; lastKnownFileType = sourcecode.c.objc; path = YFAlarmTVC.m; sourceTree = "<group>"; };
		AB43D9081B32F3E200426AAB /* MMMaterialDesignSpinner.h */ = {isa = PBXFileReference; fileEncoding = 4; lastKnownFileType = sourcecode.c.h; path = MMMaterialDesignSpinner.h; sourceTree = "<group>"; };
		AB43D9091B32F3E200426AAB /* MMMaterialDesignSpinner.m */ = {isa = PBXFileReference; fileEncoding = 4; lastKnownFileType = sourcecode.c.objc; path = MMMaterialDesignSpinner.m; sourceTree = "<group>"; };
		AB454D331B1BD1DF00FC10CD /* YFRecordTVC.h */ = {isa = PBXFileReference; fileEncoding = 4; lastKnownFileType = sourcecode.c.h; path = YFRecordTVC.h; sourceTree = "<group>"; };
		AB454D341B1BD1DF00FC10CD /* YFRecordTVC.m */ = {isa = PBXFileReference; fileEncoding = 4; lastKnownFileType = sourcecode.c.objc; path = YFRecordTVC.m; sourceTree = "<group>"; };
		AB454D371B1BD1F100FC10CD /* YFHistoryVC.h */ = {isa = PBXFileReference; fileEncoding = 4; lastKnownFileType = sourcecode.c.h; path = YFHistoryVC.h; sourceTree = "<group>"; };
		AB454D381B1BD1F100FC10CD /* YFHistoryVC.m */ = {isa = PBXFileReference; fileEncoding = 4; lastKnownFileType = sourcecode.c.objc; path = YFHistoryVC.m; sourceTree = "<group>"; };
		AB454D3B1B1BD20100FC10CD /* YFSettingTableViewController.h */ = {isa = PBXFileReference; fileEncoding = 4; lastKnownFileType = sourcecode.c.h; path = YFSettingTableViewController.h; sourceTree = "<group>"; };
		AB454D3C1B1BD20100FC10CD /* YFSettingTableViewController.m */ = {isa = PBXFileReference; fileEncoding = 4; lastKnownFileType = sourcecode.c.objc; path = YFSettingTableViewController.m; sourceTree = "<group>"; };
		AB457F871BC4FE0300FADEEF /* Base */ = {isa = PBXFileReference; lastKnownFileType = file.storyboard; name = Base; path = Base.lproj/Main.storyboard; sourceTree = "<group>"; };
		AB4748581B1F431F003EFACE /* area.plist */ = {isa = PBXFileReference; fileEncoding = 4; lastKnownFileType = text.plist.xml; path = area.plist; sourceTree = "<group>"; };
		AB4748591B1F431F003EFACE /* down_dark0.png */ = {isa = PBXFileReference; lastKnownFileType = image.png; path = down_dark0.png; sourceTree = "<group>"; };
		AB47485A1B1F431F003EFACE /* screentshoot1.png */ = {isa = PBXFileReference; lastKnownFileType = image.png; path = screentshoot1.png; sourceTree = "<group>"; };
		AB47485B1B1F431F003EFACE /* screentshoot2.png */ = {isa = PBXFileReference; lastKnownFileType = image.png; path = screentshoot2.png; sourceTree = "<group>"; };
		AB47485D1B1F431F003EFACE /* LMComBoxView.h */ = {isa = PBXFileReference; fileEncoding = 4; lastKnownFileType = sourcecode.c.h; path = LMComBoxView.h; sourceTree = "<group>"; };
		AB47485E1B1F431F003EFACE /* LMComBoxView.m */ = {isa = PBXFileReference; fileEncoding = 4; lastKnownFileType = sourcecode.c.objc; path = LMComBoxView.m; sourceTree = "<group>"; };
		AB47485F1B1F431F003EFACE /* LMContainsLMComboxScrollView.h */ = {isa = PBXFileReference; fileEncoding = 4; lastKnownFileType = sourcecode.c.h; path = LMContainsLMComboxScrollView.h; sourceTree = "<group>"; };
		AB4748601B1F431F003EFACE /* LMContainsLMComboxScrollView.m */ = {isa = PBXFileReference; fileEncoding = 4; lastKnownFileType = sourcecode.c.objc; path = LMContainsLMComboxScrollView.m; sourceTree = "<group>"; };
		AB4750FE1B1899470033B878 /* treatItem.plist */ = {isa = PBXFileReference; fileEncoding = 4; lastKnownFileType = text.plist.xml; path = treatItem.plist; sourceTree = "<group>"; };
		AB497A871BB0C97D0034A177 /* YFPamameterItemTableViewController.h */ = {isa = PBXFileReference; fileEncoding = 4; lastKnownFileType = sourcecode.c.h; path = YFPamameterItemTableViewController.h; sourceTree = "<group>"; };
		AB497A881BB0C97D0034A177 /* YFPamameterItemTableViewController.m */ = {isa = PBXFileReference; fileEncoding = 4; lastKnownFileType = sourcecode.c.objc; path = YFPamameterItemTableViewController.m; sourceTree = "<group>"; };
		AB497A8A1BB80C0B0034A177 /* login.storyboard */ = {isa = PBXFileReference; fileEncoding = 4; lastKnownFileType = file.storyboard; name = login.storyboard; path = ../1Login/login.storyboard; sourceTree = "<group>"; };
		AB497A8F1BB9736C0034A177 /* YFLoginVC.h */ = {isa = PBXFileReference; fileEncoding = 4; lastKnownFileType = sourcecode.c.h; path = YFLoginVC.h; sourceTree = "<group>"; };
		AB497A901BB9736C0034A177 /* YFLoginVC.m */ = {isa = PBXFileReference; fileEncoding = 4; lastKnownFileType = sourcecode.c.objc; path = YFLoginVC.m; sourceTree = "<group>"; };
		AB497A921BB985AD0034A177 /* Images.xcassets */ = {isa = PBXFileReference; lastKnownFileType = folder.assetcatalog; path = Images.xcassets; sourceTree = "<group>"; };
		AB4B6C471BD1EEDC00E43A4E /* FMDatabase.h */ = {isa = PBXFileReference; fileEncoding = 4; lastKnownFileType = sourcecode.c.h; path = FMDatabase.h; sourceTree = "<group>"; };
		AB4B6C481BD1EEDC00E43A4E /* FMDatabase.m */ = {isa = PBXFileReference; fileEncoding = 4; lastKnownFileType = sourcecode.c.objc; path = FMDatabase.m; sourceTree = "<group>"; };
		AB4B6C491BD1EEDC00E43A4E /* FMDatabaseAdditions.h */ = {isa = PBXFileReference; fileEncoding = 4; lastKnownFileType = sourcecode.c.h; path = FMDatabaseAdditions.h; sourceTree = "<group>"; };
		AB4B6C4A1BD1EEDC00E43A4E /* FMDatabaseAdditions.m */ = {isa = PBXFileReference; fileEncoding = 4; lastKnownFileType = sourcecode.c.objc; path = FMDatabaseAdditions.m; sourceTree = "<group>"; };
		AB4B6C4B1BD1EEDC00E43A4E /* FMDatabasePool.h */ = {isa = PBXFileReference; fileEncoding = 4; lastKnownFileType = sourcecode.c.h; path = FMDatabasePool.h; sourceTree = "<group>"; };
		AB4B6C4C1BD1EEDC00E43A4E /* FMDatabasePool.m */ = {isa = PBXFileReference; fileEncoding = 4; lastKnownFileType = sourcecode.c.objc; path = FMDatabasePool.m; sourceTree = "<group>"; };
		AB4B6C4D1BD1EEDC00E43A4E /* FMDatabaseQueue.h */ = {isa = PBXFileReference; fileEncoding = 4; lastKnownFileType = sourcecode.c.h; path = FMDatabaseQueue.h; sourceTree = "<group>"; };
		AB4B6C4E1BD1EEDC00E43A4E /* FMDatabaseQueue.m */ = {isa = PBXFileReference; fileEncoding = 4; lastKnownFileType = sourcecode.c.objc; path = FMDatabaseQueue.m; sourceTree = "<group>"; };
		AB4B6C4F1BD1EEDC00E43A4E /* FMDB.h */ = {isa = PBXFileReference; fileEncoding = 4; lastKnownFileType = sourcecode.c.h; path = FMDB.h; sourceTree = "<group>"; };
		AB4B6C501BD1EEDC00E43A4E /* FMResultSet.h */ = {isa = PBXFileReference; fileEncoding = 4; lastKnownFileType = sourcecode.c.h; path = FMResultSet.h; sourceTree = "<group>"; };
		AB4B6C511BD1EEDC00E43A4E /* FMResultSet.m */ = {isa = PBXFileReference; fileEncoding = 4; lastKnownFileType = sourcecode.c.objc; path = FMResultSet.m; sourceTree = "<group>"; };
		AB4B6C531BD1EEDC00E43A4E /* LKDB+Mapping.h */ = {isa = PBXFileReference; fileEncoding = 4; lastKnownFileType = sourcecode.c.h; path = "LKDB+Mapping.h"; sourceTree = "<group>"; };
		AB4B6C541BD1EEDC00E43A4E /* LKDB+Mapping.m */ = {isa = PBXFileReference; fileEncoding = 4; lastKnownFileType = sourcecode.c.objc; path = "LKDB+Mapping.m"; sourceTree = "<group>"; };
		AB4B6C551BD1EEDC00E43A4E /* LKDBHelper.h */ = {isa = PBXFileReference; fileEncoding = 4; lastKnownFileType = sourcecode.c.h; path = LKDBHelper.h; sourceTree = "<group>"; };
		AB4B6C561BD1EEDC00E43A4E /* LKDBHelper.m */ = {isa = PBXFileReference; fileEncoding = 4; lastKnownFileType = sourcecode.c.objc; path = LKDBHelper.m; sourceTree = "<group>"; };
		AB4B6C571BD1EEDC00E43A4E /* LKDBUtils.h */ = {isa = PBXFileReference; fileEncoding = 4; lastKnownFileType = sourcecode.c.h; path = LKDBUtils.h; sourceTree = "<group>"; };
		AB4B6C581BD1EEDC00E43A4E /* LKDBUtils.m */ = {isa = PBXFileReference; fileEncoding = 4; lastKnownFileType = sourcecode.c.objc; path = LKDBUtils.m; sourceTree = "<group>"; };
		AB4B6C591BD1EEDC00E43A4E /* NSObject+LKDBHelper.h */ = {isa = PBXFileReference; fileEncoding = 4; lastKnownFileType = sourcecode.c.h; path = "NSObject+LKDBHelper.h"; sourceTree = "<group>"; };
		AB4B6C5A1BD1EEDC00E43A4E /* NSObject+LKDBHelper.m */ = {isa = PBXFileReference; fileEncoding = 4; lastKnownFileType = sourcecode.c.objc; path = "NSObject+LKDBHelper.m"; sourceTree = "<group>"; };
		AB4B6C5B1BD1EEDC00E43A4E /* NSObject+LKModel.h */ = {isa = PBXFileReference; fileEncoding = 4; lastKnownFileType = sourcecode.c.h; path = "NSObject+LKModel.h"; sourceTree = "<group>"; };
		AB4B6C5C1BD1EEDC00E43A4E /* NSObject+LKModel.m */ = {isa = PBXFileReference; fileEncoding = 4; lastKnownFileType = sourcecode.c.objc; path = "NSObject+LKModel.m"; sourceTree = "<group>"; };
		AB4B6C681BD1EEE800E43A4E /* LKAlarmEvent.h */ = {isa = PBXFileReference; fileEncoding = 4; lastKnownFileType = sourcecode.c.h; path = LKAlarmEvent.h; sourceTree = "<group>"; };
		AB4B6C691BD1EEE800E43A4E /* LKAlarmEvent.m */ = {isa = PBXFileReference; fileEncoding = 4; lastKnownFileType = sourcecode.c.objc; path = LKAlarmEvent.m; sourceTree = "<group>"; };
		AB4B6C6A1BD1EEE800E43A4E /* LKAlarmMamager.h */ = {isa = PBXFileReference; fileEncoding = 4; lastKnownFileType = sourcecode.c.h; path = LKAlarmMamager.h; sourceTree = "<group>"; };
		AB4B6C6B1BD1EEE800E43A4E /* LKAlarmMamager.m */ = {isa = PBXFileReference; fileEncoding = 4; lastKnownFileType = sourcecode.c.objc; path = LKAlarmMamager.m; sourceTree = "<group>"; };
		AB4B6C6F1BD361F100E43A4E /* bleCentralManager.h */ = {isa = PBXFileReference; fileEncoding = 4; lastKnownFileType = sourcecode.c.h; path = bleCentralManager.h; sourceTree = "<group>"; };
		AB4B6C701BD361F100E43A4E /* bleCentralManager.m */ = {isa = PBXFileReference; fileEncoding = 4; lastKnownFileType = sourcecode.c.objc; path = bleCentralManager.m; sourceTree = "<group>"; };
		AB4B6C711BD361F100E43A4E /* blePeripheral.h */ = {isa = PBXFileReference; fileEncoding = 4; lastKnownFileType = sourcecode.c.h; path = blePeripheral.h; sourceTree = "<group>"; };
		AB4B6C721BD361F100E43A4E /* blePeripheral.m */ = {isa = PBXFileReference; fileEncoding = 4; lastKnownFileType = sourcecode.c.objc; path = blePeripheral.m; sourceTree = "<group>"; };
		AB4B6C751BD367B800E43A4E /* cell.h */ = {isa = PBXFileReference; fileEncoding = 4; lastKnownFileType = sourcecode.c.h; path = cell.h; sourceTree = "<group>"; };
		AB4B6C761BD367B800E43A4E /* cell.m */ = {isa = PBXFileReference; fileEncoding = 4; lastKnownFileType = sourcecode.c.objc; path = cell.m; sourceTree = "<group>"; };
		AB4B6C771BD367B800E43A4E /* cell.xib */ = {isa = PBXFileReference; fileEncoding = 4; lastKnownFileType = file.xib; path = cell.xib; sourceTree = "<group>"; };
		AB4C83E51BC253DB006EBADF /* YFAlarmBtn.xib */ = {isa = PBXFileReference; fileEncoding = 4; lastKnownFileType = file.xib; path = YFAlarmBtn.xib; sourceTree = "<group>"; };
		AB4C83E71BC255C3006EBADF /* YFAlarmBtnTableViewCell.h */ = {isa = PBXFileReference; fileEncoding = 4; lastKnownFileType = sourcecode.c.h; path = YFAlarmBtnTableViewCell.h; sourceTree = "<group>"; };
		AB4C83E81BC255C3006EBADF /* YFAlarmBtnTableViewCell.m */ = {isa = PBXFileReference; fileEncoding = 4; lastKnownFileType = sourcecode.c.objc; path = YFAlarmBtnTableViewCell.m; sourceTree = "<group>"; };
		AB4C85691AE5219800D67565 /* YF002.app */ = {isa = PBXFileReference; explicitFileType = wrapper.application; includeInIndex = 0; path = YF002.app; sourceTree = BUILT_PRODUCTS_DIR; };
		AB4C857C1AE5219800D67565 /* Base */ = {isa = PBXFileReference; lastKnownFileType = file.xib; name = Base; path = Base.lproj/LaunchScreen.xib; sourceTree = "<group>"; };
		AB4C85821AE5219800D67565 /* YF002Tests.xctest */ = {isa = PBXFileReference; explicitFileType = wrapper.cfbundle; includeInIndex = 0; path = YF002Tests.xctest; sourceTree = BUILT_PRODUCTS_DIR; };
		AB4C85871AE5219800D67565 /* Info.plist */ = {isa = PBXFileReference; lastKnownFileType = text.plist.xml; path = Info.plist; sourceTree = "<group>"; };
		AB4C85881AE5219800D67565 /* YF002Tests.m */ = {isa = PBXFileReference; lastKnownFileType = sourcecode.c.objc; path = YF002Tests.m; sourceTree = "<group>"; };
		AB5BB74D1B0CB6C500CB1FA8 /* AKPickerView.h */ = {isa = PBXFileReference; fileEncoding = 4; lastKnownFileType = sourcecode.c.h; path = AKPickerView.h; sourceTree = "<group>"; };
		AB5BB74E1B0CB6C500CB1FA8 /* AKPickerView.m */ = {isa = PBXFileReference; fileEncoding = 4; lastKnownFileType = sourcecode.c.objc; path = AKPickerView.m; sourceTree = "<group>"; };
		AB5BB7561B0CBDFA00CB1FA8 /* YFNavigationController.h */ = {isa = PBXFileReference; fileEncoding = 4; lastKnownFileType = sourcecode.c.h; path = YFNavigationController.h; sourceTree = "<group>"; };
		AB5BB7571B0CBDFA00CB1FA8 /* YFNavigationController.m */ = {isa = PBXFileReference; fileEncoding = 4; lastKnownFileType = sourcecode.c.objc; path = YFNavigationController.m; sourceTree = "<group>"; };
		AB5BB7581B0CBDFA00CB1FA8 /* YFTabBarViewController.h */ = {isa = PBXFileReference; fileEncoding = 4; lastKnownFileType = sourcecode.c.h; path = YFTabBarViewController.h; sourceTree = "<group>"; };
		AB5BB7591B0CBDFA00CB1FA8 /* YFTabBarViewController.m */ = {isa = PBXFileReference; fileEncoding = 4; lastKnownFileType = sourcecode.c.objc; path = YFTabBarViewController.m; sourceTree = "<group>"; };
		AB5BB7641B0CBDFA00CB1FA8 /* YFNewfeatureViewController.h */ = {isa = PBXFileReference; fileEncoding = 4; lastKnownFileType = sourcecode.c.h; path = YFNewfeatureViewController.h; sourceTree = "<group>"; };
		AB5BB7651B0CBDFA00CB1FA8 /* YFNewfeatureViewController.m */ = {isa = PBXFileReference; fileEncoding = 4; lastKnownFileType = sourcecode.c.objc; path = YFNewfeatureViewController.m; sourceTree = "<group>"; };
		AB5BB7681B0CBDFA00CB1FA8 /* YFPageControl.h */ = {isa = PBXFileReference; fileEncoding = 4; lastKnownFileType = sourcecode.c.h; path = YFPageControl.h; sourceTree = "<group>"; };
		AB5BB7691B0CBDFA00CB1FA8 /* YFPageControl.m */ = {isa = PBXFileReference; fileEncoding = 4; lastKnownFileType = sourcecode.c.objc; path = YFPageControl.m; sourceTree = "<group>"; };
		AB5BB76C1B0CBDFA00CB1FA8 /* YFHomeViewController.h */ = {isa = PBXFileReference; fileEncoding = 4; lastKnownFileType = sourcecode.c.h; path = YFHomeViewController.h; sourceTree = "<group>"; };
		AB5BB76D1B0CBDFA00CB1FA8 /* YFHomeViewController.m */ = {isa = PBXFileReference; fileEncoding = 4; lastKnownFileType = sourcecode.c.objc; path = YFHomeViewController.m; sourceTree = "<group>"; };
		AB5BB7871B0CBDFA00CB1FA8 /* main.m */ = {isa = PBXFileReference; fileEncoding = 4; lastKnownFileType = sourcecode.c.objc; path = main.m; sourceTree = "<group>"; };
		AB5BB7881B0CBDFA00CB1FA8 /* YFAppDelegate.h */ = {isa = PBXFileReference; fileEncoding = 4; lastKnownFileType = sourcecode.c.h; path = YFAppDelegate.h; sourceTree = "<group>"; };
		AB5BB7891B0CBDFA00CB1FA8 /* YFAppDelegate.m */ = {isa = PBXFileReference; fileEncoding = 4; lastKnownFileType = sourcecode.c.objc; path = YFAppDelegate.m; sourceTree = "<group>"; };
		AB6506EE1B3859C9000978E4 /* CoreBluetooth.framework */ = {isa = PBXFileReference; lastKnownFileType = wrapper.framework; name = CoreBluetooth.framework; path = System/Library/Frameworks/CoreBluetooth.framework; sourceTree = SDKROOT; };
		AB8F6D691B2077F300377D42 /* NSDate+convenience.h */ = {isa = PBXFileReference; fileEncoding = 4; lastKnownFileType = sourcecode.c.h; path = "NSDate+convenience.h"; sourceTree = "<group>"; };
		AB8F6D6A1B2077F300377D42 /* NSDate+convenience.m */ = {isa = PBXFileReference; fileEncoding = 4; lastKnownFileType = sourcecode.c.objc; path = "NSDate+convenience.m"; sourceTree = "<group>"; };
		AB8F6D6B1B2077F300377D42 /* NSMutableArray+convenience.h */ = {isa = PBXFileReference; fileEncoding = 4; lastKnownFileType = sourcecode.c.h; path = "NSMutableArray+convenience.h"; sourceTree = "<group>"; };
		AB8F6D6C1B2077F300377D42 /* NSMutableArray+convenience.m */ = {isa = PBXFileReference; fileEncoding = 4; lastKnownFileType = sourcecode.c.objc; path = "NSMutableArray+convenience.m"; sourceTree = "<group>"; };
		AB8F6D6D1B2077F300377D42 /* UIColor+expanded.h */ = {isa = PBXFileReference; fileEncoding = 4; lastKnownFileType = sourcecode.c.h; path = "UIColor+expanded.h"; sourceTree = "<group>"; };
		AB8F6D6E1B2077F300377D42 /* UIColor+expanded.m */ = {isa = PBXFileReference; fileEncoding = 4; lastKnownFileType = sourcecode.c.objc; path = "UIColor+expanded.m"; sourceTree = "<group>"; };
		AB8F6D6F1B2077F300377D42 /* UIView+convenience.h */ = {isa = PBXFileReference; fileEncoding = 4; lastKnownFileType = sourcecode.c.h; path = "UIView+convenience.h"; sourceTree = "<group>"; };
		AB8F6D701B2077F300377D42 /* UIView+convenience.m */ = {isa = PBXFileReference; fileEncoding = 4; lastKnownFileType = sourcecode.c.objc; path = "UIView+convenience.m"; sourceTree = "<group>"; };
		AB8F6D731B2077F300377D42 /* VRGCalendarView.h */ = {isa = PBXFileReference; fileEncoding = 4; lastKnownFileType = sourcecode.c.h; path = VRGCalendarView.h; sourceTree = "<group>"; };
		AB8F6D741B2077F300377D42 /* VRGCalendarView.m */ = {isa = PBXFileReference; fileEncoding = 4; lastKnownFileType = sourcecode.c.objc; path = VRGCalendarView.m; sourceTree = "<group>"; };
		AB995DB31B3AD71C00B7ACF6 /* YFRepeatTVC.h */ = {isa = PBXFileReference; fileEncoding = 4; lastKnownFileType = sourcecode.c.h; path = YFRepeatTVC.h; sourceTree = "<group>"; };
		AB995DB41B3AD71C00B7ACF6 /* YFRepeatTVC.m */ = {isa = PBXFileReference; fileEncoding = 4; lastKnownFileType = sourcecode.c.objc; path = YFRepeatTVC.m; sourceTree = "<group>"; };
		AB995DB61B3FBD3300B7ACF6 /* MessageUI.framework */ = {isa = PBXFileReference; lastKnownFileType = wrapper.framework; name = MessageUI.framework; path = System/Library/Frameworks/MessageUI.framework; sourceTree = SDKROOT; };
		AB995DB91B40516F00B7ACF6 /* chatView.h */ = {isa = PBXFileReference; fileEncoding = 4; lastKnownFileType = sourcecode.c.h; path = chatView.h; sourceTree = "<group>"; };
		AB995DBA1B40516F00B7ACF6 /* chatView.m */ = {isa = PBXFileReference; fileEncoding = 4; lastKnownFileType = sourcecode.c.objc; path = chatView.m; sourceTree = "<group>"; };
		AB995DBB1B40516F00B7ACF6 /* InfoView.h */ = {isa = PBXFileReference; fileEncoding = 4; lastKnownFileType = sourcecode.c.h; path = InfoView.h; sourceTree = "<group>"; };
		AB995DBC1B40516F00B7ACF6 /* InfoView.m */ = {isa = PBXFileReference; fileEncoding = 4; lastKnownFileType = sourcecode.c.objc; path = InfoView.m; sourceTree = "<group>"; };
		AB995DBD1B40516F00B7ACF6 /* UIKit+DrawingHelpers.h */ = {isa = PBXFileReference; fileEncoding = 4; lastKnownFileType = sourcecode.c.h; path = "UIKit+DrawingHelpers.h"; sourceTree = "<group>"; };
		AB995DBE1B40516F00B7ACF6 /* UIKit+DrawingHelpers.m */ = {isa = PBXFileReference; fileEncoding = 4; lastKnownFileType = sourcecode.c.objc; path = "UIKit+DrawingHelpers.m"; sourceTree = "<group>"; };
		AB9B0E351BBD5D7200F94E63 /* BabyBluetooth.h */ = {isa = PBXFileReference; fileEncoding = 4; lastKnownFileType = sourcecode.c.h; path = BabyBluetooth.h; sourceTree = "<group>"; };
		AB9B0E361BBD5D7200F94E63 /* BabyBluetooth.m */ = {isa = PBXFileReference; fileEncoding = 4; lastKnownFileType = sourcecode.c.objc; path = BabyBluetooth.m; sourceTree = "<group>"; };
		AB9B0E371BBD5D7200F94E63 /* BabyCallback.h */ = {isa = PBXFileReference; fileEncoding = 4; lastKnownFileType = sourcecode.c.h; path = BabyCallback.h; sourceTree = "<group>"; };
		AB9B0E381BBD5D7200F94E63 /* BabyCallback.m */ = {isa = PBXFileReference; fileEncoding = 4; lastKnownFileType = sourcecode.c.objc; path = BabyCallback.m; sourceTree = "<group>"; };
		AB9B0E391BBD5D7200F94E63 /* BabyOptions.h */ = {isa = PBXFileReference; fileEncoding = 4; lastKnownFileType = sourcecode.c.h; path = BabyOptions.h; sourceTree = "<group>"; };
		AB9B0E3A1BBD5D7200F94E63 /* BabyOptions.m */ = {isa = PBXFileReference; fileEncoding = 4; lastKnownFileType = sourcecode.c.objc; path = BabyOptions.m; sourceTree = "<group>"; };
		AB9B0E3B1BBD5D7200F94E63 /* BabyRhythm.h */ = {isa = PBXFileReference; fileEncoding = 4; lastKnownFileType = sourcecode.c.h; path = BabyRhythm.h; sourceTree = "<group>"; };
		AB9B0E3C1BBD5D7200F94E63 /* BabyRhythm.m */ = {isa = PBXFileReference; fileEncoding = 4; lastKnownFileType = sourcecode.c.objc; path = BabyRhythm.m; sourceTree = "<group>"; };
		AB9B0E3D1BBD5D7200F94E63 /* Babysister.h */ = {isa = PBXFileReference; fileEncoding = 4; lastKnownFileType = sourcecode.c.h; path = Babysister.h; sourceTree = "<group>"; };
		AB9B0E3E1BBD5D7200F94E63 /* Babysister.m */ = {isa = PBXFileReference; fileEncoding = 4; lastKnownFileType = sourcecode.c.objc; path = Babysister.m; sourceTree = "<group>"; };
		AB9B0E3F1BBD5D7200F94E63 /* BabySpeaker.h */ = {isa = PBXFileReference; fileEncoding = 4; lastKnownFileType = sourcecode.c.h; path = BabySpeaker.h; sourceTree = "<group>"; };
		AB9B0E401BBD5D7200F94E63 /* BabySpeaker.m */ = {isa = PBXFileReference; fileEncoding = 4; lastKnownFileType = sourcecode.c.objc; path = BabySpeaker.m; sourceTree = "<group>"; };
		AB9B0E411BBD5D7200F94E63 /* BabyToy.h */ = {isa = PBXFileReference; fileEncoding = 4; lastKnownFileType = sourcecode.c.h; path = BabyToy.h; sourceTree = "<group>"; };
		AB9B0E421BBD5D7200F94E63 /* BabyToy.m */ = {isa = PBXFileReference; fileEncoding = 4; lastKnownFileType = sourcecode.c.objc; path = BabyToy.m; sourceTree = "<group>"; };
		AB9B0E4B1BBD66AE00F94E63 /* SVIndefiniteAnimatedView.h */ = {isa = PBXFileReference; fileEncoding = 4; lastKnownFileType = sourcecode.c.h; path = SVIndefiniteAnimatedView.h; sourceTree = "<group>"; };
		AB9B0E4C1BBD66AE00F94E63 /* SVIndefiniteAnimatedView.m */ = {isa = PBXFileReference; fileEncoding = 4; lastKnownFileType = sourcecode.c.objc; path = SVIndefiniteAnimatedView.m; sourceTree = "<group>"; };
		AB9B0E4D1BBD66AE00F94E63 /* SVProgressHUD.bundle */ = {isa = PBXFileReference; lastKnownFileType = "wrapper.plug-in"; path = SVProgressHUD.bundle; sourceTree = "<group>"; };
		AB9B0E4E1BBD66AE00F94E63 /* SVProgressHUD.h */ = {isa = PBXFileReference; fileEncoding = 4; lastKnownFileType = sourcecode.c.h; path = SVProgressHUD.h; sourceTree = "<group>"; };
		AB9B0E4F1BBD66AE00F94E63 /* SVProgressHUD.m */ = {isa = PBXFileReference; fileEncoding = 4; lastKnownFileType = sourcecode.c.objc; path = SVProgressHUD.m; sourceTree = "<group>"; };
		AB9B0E531BBD787800F94E63 /* YFRegsiterVC.h */ = {isa = PBXFileReference; fileEncoding = 4; lastKnownFileType = sourcecode.c.h; path = YFRegsiterVC.h; sourceTree = "<group>"; };
		AB9B0E541BBD787800F94E63 /* YFRegsiterVC.m */ = {isa = PBXFileReference; fileEncoding = 4; lastKnownFileType = sourcecode.c.objc; path = YFRegsiterVC.m; sourceTree = "<group>"; };
		ABA593D21B663CE2004C4A87 /* libsqlite3.0.dylib */ = {isa = PBXFileReference; lastKnownFileType = "compiled.mach-o.dylib"; name = libsqlite3.0.dylib; path = usr/lib/libsqlite3.0.dylib; sourceTree = SDKROOT; };
		ABAB51A41B10DF00001663D2 /* Info.plist */ = {isa = PBXFileReference; fileEncoding = 4; lastKnownFileType = text.plist.xml; path = Info.plist; sourceTree = "<group>"; };
		ABAB51A51B10DF00001663D2 /* MZTimerLabel.h */ = {isa = PBXFileReference; fileEncoding = 4; lastKnownFileType = sourcecode.c.h; path = MZTimerLabel.h; sourceTree = "<group>"; };
		ABAB51A61B10DF00001663D2 /* MZTimerLabel.m */ = {isa = PBXFileReference; fileEncoding = 4; lastKnownFileType = sourcecode.c.objc; path = MZTimerLabel.m; sourceTree = "<group>"; };
		ABB43DE81B134783000C83AA /* YFTreatParameterItem.h */ = {isa = PBXFileReference; fileEncoding = 4; lastKnownFileType = sourcecode.c.h; path = YFTreatParameterItem.h; sourceTree = "<group>"; };
		ABB43DE91B134783000C83AA /* YFTreatParameterItem.m */ = {isa = PBXFileReference; fileEncoding = 4; lastKnownFileType = sourcecode.c.objc; path = YFTreatParameterItem.m; sourceTree = "<group>"; };
		ABB43DEB1B147EB9000C83AA /* treatItemList.plist */ = {isa = PBXFileReference; fileEncoding = 4; lastKnownFileType = text.plist.xml; path = treatItemList.plist; sourceTree = "<group>"; };
		ABB43DF41B15EBA8000C83AA /* treatParameterItemsViewCell.h */ = {isa = PBXFileReference; fileEncoding = 4; lastKnownFileType = sourcecode.c.h; path = treatParameterItemsViewCell.h; sourceTree = "<group>"; };
		ABB43DF51B15EBA8000C83AA /* treatParameterItemsViewCell.m */ = {isa = PBXFileReference; fileEncoding = 4; lastKnownFileType = sourcecode.c.objc; path = treatParameterItemsViewCell.m; sourceTree = "<group>"; };
		ABB43DF61B15EBA8000C83AA /* treatParameterItemsViewCell.xib */ = {isa = PBXFileReference; fileEncoding = 4; lastKnownFileType = file.xib; path = treatParameterItemsViewCell.xib; sourceTree = "<group>"; };
		ABB54A851BC28BC100C565B3 /* YFDoneVC.h */ = {isa = PBXFileReference; fileEncoding = 4; lastKnownFileType = sourcecode.c.h; path = YFDoneVC.h; sourceTree = "<group>"; };
		ABB54A861BC28BC100C565B3 /* YFDoneVC.m */ = {isa = PBXFileReference; fileEncoding = 4; lastKnownFileType = sourcecode.c.objc; path = YFDoneVC.m; sourceTree = "<group>"; };
		ABB54A881BC35F3500C565B3 /* YFNewFeatureViewPVC.h */ = {isa = PBXFileReference; fileEncoding = 4; lastKnownFileType = sourcecode.c.h; path = YFNewFeatureViewPVC.h; sourceTree = "<group>"; };
		ABB54A891BC35F3500C565B3 /* YFNewFeatureViewPVC.m */ = {isa = PBXFileReference; fileEncoding = 4; lastKnownFileType = sourcecode.c.objc; path = YFNewFeatureViewPVC.m; sourceTree = "<group>"; };
		ABB54B011BC37A6300C565B3 /* QuartzCore.framework */ = {isa = PBXFileReference; lastKnownFileType = wrapper.framework; name = QuartzCore.framework; path = System/Library/Frameworks/QuartzCore.framework; sourceTree = SDKROOT; };
		ABB54B031BC37F1700C565B3 /* libstdc++.dylib */ = {isa = PBXFileReference; lastKnownFileType = "compiled.mach-o.dylib"; name = "libstdc++.dylib"; path = "usr/lib/libstdc++.dylib"; sourceTree = SDKROOT; };
		ABB54B051BC37F2A00C565B3 /* libz.1.1.3.dylib */ = {isa = PBXFileReference; lastKnownFileType = "compiled.mach-o.dylib"; name = libz.1.1.3.dylib; path = usr/lib/libz.1.1.3.dylib; sourceTree = SDKROOT; };
		ABB54B081BC4A50200C565B3 /* MYBlurIntroductionView.h */ = {isa = PBXFileReference; fileEncoding = 4; lastKnownFileType = sourcecode.c.h; path = MYBlurIntroductionView.h; sourceTree = "<group>"; };
		ABB54B091BC4A50200C565B3 /* MYBlurIntroductionView.m */ = {isa = PBXFileReference; fileEncoding = 4; lastKnownFileType = sourcecode.c.objc; path = MYBlurIntroductionView.m; sourceTree = "<group>"; };
		ABB54B0A1BC4A50200C565B3 /* MYIntroductionPanel.h */ = {isa = PBXFileReference; fileEncoding = 4; lastKnownFileType = sourcecode.c.h; path = MYIntroductionPanel.h; sourceTree = "<group>"; };
		ABB54B0B1BC4A50200C565B3 /* MYIntroductionPanel.m */ = {isa = PBXFileReference; fileEncoding = 4; lastKnownFileType = sourcecode.c.objc; path = MYIntroductionPanel.m; sourceTree = "<group>"; };
		ABB54B0E1BC4A69400C565B3 /* NewFeatureView1.xib */ = {isa = PBXFileReference; fileEncoding = 4; lastKnownFileType = file.xib; path = NewFeatureView1.xib; sourceTree = "<group>"; };
		ABB54B101BC4AB3200C565B3 /* NewFeatureView2.xib */ = {isa = PBXFileReference; fileEncoding = 4; lastKnownFileType = file.xib; path = NewFeatureView2.xib; sourceTree = "<group>"; };
		ABB54B121BC4AB7B00C565B3 /* NewFeatureView3.xib */ = {isa = PBXFileReference; fileEncoding = 4; lastKnownFileType = file.xib; path = NewFeatureView3.xib; sourceTree = "<group>"; };
		ABC60D801BC9D66A00B25337 /* YFSettingWebVC.h */ = {isa = PBXFileReference; fileEncoding = 4; lastKnownFileType = sourcecode.c.h; path = YFSettingWebVC.h; sourceTree = "<group>"; };
		ABC60D811BC9D66A00B25337 /* YFSettingWebVC.m */ = {isa = PBXFileReference; fileEncoding = 4; lastKnownFileType = sourcecode.c.objc; path = YFSettingWebVC.m; sourceTree = "<group>"; };
		ABD3FE4B1B1B19F100190AE5 /* treatHistory.plist */ = {isa = PBXFileReference; fileEncoding = 4; lastKnownFileType = text.plist.xml; path = treatHistory.plist; sourceTree = "<group>"; };
		ABD3FE501B1B1D1900190AE5 /* treatRecordTVCell.h */ = {isa = PBXFileReference; fileEncoding = 4; lastKnownFileType = sourcecode.c.h; path = treatRecordTVCell.h; sourceTree = "<group>"; };
		ABD3FE511B1B1D1900190AE5 /* treatRecordTVCell.m */ = {isa = PBXFileReference; fileEncoding = 4; lastKnownFileType = sourcecode.c.objc; path = treatRecordTVCell.m; sourceTree = "<group>"; };
		ABD3FE521B1B1D1900190AE5 /* treatRecordTVCell.xib */ = {isa = PBXFileReference; fileEncoding = 4; lastKnownFileType = file.xib; path = treatRecordTVCell.xib; sourceTree = "<group>"; };
		ABF075281B42DC1700FA7CD6 /* Info.plist */ = {isa = PBXFileReference; fileEncoding = 4; lastKnownFileType = text.plist.xml; path = Info.plist; sourceTree = "<group>"; };
		ABF2397C1BC7F24C0002D3E4 /* TextFieldValidator.h */ = {isa = PBXFileReference; fileEncoding = 4; lastKnownFileType = sourcecode.c.h; path = TextFieldValidator.h; sourceTree = "<group>"; };
		ABF2397D1BC7F24C0002D3E4 /* TextFieldValidator.m */ = {isa = PBXFileReference; fileEncoding = 4; lastKnownFileType = sourcecode.c.objc; path = TextFieldValidator.m; sourceTree = "<group>"; };
		B12C35F9AB4866DF05DEB49C /* Pods.release.xcconfig */ = {isa = PBXFileReference; includeInIndex = 1; lastKnownFileType = text.xcconfig; name = Pods.release.xcconfig; path = "Pods/Target Support Files/Pods/Pods.release.xcconfig"; sourceTree = "<group>"; };
		C64BD1BEE6F8A8DA4BC9BE2A /* libPods.a */ = {isa = PBXFileReference; explicitFileType = archive.ar; includeInIndex = 0; path = libPods.a; sourceTree = BUILT_PRODUCTS_DIR; };
		D1C255E4AB440494A98A47B9 /* Pods.debug.xcconfig */ = {isa = PBXFileReference; includeInIndex = 1; lastKnownFileType = text.xcconfig; name = Pods.debug.xcconfig; path = "Pods/Target Support Files/Pods/Pods.debug.xcconfig"; sourceTree = "<group>"; };
/* End PBXFileReference section */

/* Begin PBXFrameworksBuildPhase section */
		AB4C85661AE5219800D67565 /* Frameworks */ = {
			isa = PBXFrameworksBuildPhase;
			buildActionMask = 2147483647;
			files = (
				ABB54B061BC37F2A00C565B3 /* libz.1.1.3.dylib in Frameworks */,
				ABB54B041BC37F1700C565B3 /* libstdc++.dylib in Frameworks */,
				ABB54B021BC37A6300C565B3 /* QuartzCore.framework in Frameworks */,
				ABA593D31B663CE2004C4A87 /* libsqlite3.0.dylib in Frameworks */,
				AB995DB71B3FBD3300B7ACF6 /* MessageUI.framework in Frameworks */,
				AB6506EF1B3859C9000978E4 /* CoreBluetooth.framework in Frameworks */,
				AB2B1EBA1B0B7B890038A3E0 /* CoreGraphics.framework in Frameworks */,
				AB2B1EB81B0B7B5B0038A3E0 /* Foundation.framework in Frameworks */,
				AB2B1EB51B0B7A500038A3E0 /* UIKit.framework in Frameworks */,
				4252A2BDC25B9F1A59F49162 /* libPods.a in Frameworks */,
			);
			runOnlyForDeploymentPostprocessing = 0;
		};
		AB4C857F1AE5219800D67565 /* Frameworks */ = {
			isa = PBXFrameworksBuildPhase;
			buildActionMask = 2147483647;
			files = (
			);
			runOnlyForDeploymentPostprocessing = 0;
		};
/* End PBXFrameworksBuildPhase section */

/* Begin PBXGroup section */
		789F74B93DE57069F5B74D6B /* Pods */ = {
			isa = PBXGroup;
			children = (
				D1C255E4AB440494A98A47B9 /* Pods.debug.xcconfig */,
				B12C35F9AB4866DF05DEB49C /* Pods.release.xcconfig */,
			);
			name = Pods;
			sourceTree = "<group>";
		};
		AB2B1EB11B0B71340038A3E0 /* Source */ = {
			isa = PBXGroup;
			children = (
				ABF075281B42DC1700FA7CD6 /* Info.plist */,
				ABB43DEB1B147EB9000C83AA /* treatItemList.plist */,
				AB4750FE1B1899470033B878 /* treatItem.plist */,
				ABD3FE4B1B1B19F100190AE5 /* treatHistory.plist */,
			);
			name = Source;
			sourceTree = "<group>";
		};
		AB2B1EB61B0B7A900038A3E0 /* Frameworks */ = {
			isa = PBXGroup;
			children = (
				ABB54B051BC37F2A00C565B3 /* libz.1.1.3.dylib */,
				ABB54B031BC37F1700C565B3 /* libstdc++.dylib */,
				ABB54B011BC37A6300C565B3 /* QuartzCore.framework */,
				ABA593D21B663CE2004C4A87 /* libsqlite3.0.dylib */,
				AB995DB61B3FBD3300B7ACF6 /* MessageUI.framework */,
				AB6506EE1B3859C9000978E4 /* CoreBluetooth.framework */,
				AB2B1EB91B0B7B890038A3E0 /* CoreGraphics.framework */,
				AB2B1EB71B0B7B5B0038A3E0 /* Foundation.framework */,
				AB2B1EB41B0B7A500038A3E0 /* UIKit.framework */,
				C64BD1BEE6F8A8DA4BC9BE2A /* libPods.a */,
			);
			name = Frameworks;
			path = YF002;
			sourceTree = "<group>";
		};
		AB320AB11B21B69100E8FF7C /* STAlertView */ = {
			isa = PBXGroup;
			children = (
				AB320AB21B21B69100E8FF7C /* .gitkeep */,
				AB320AB31B21B69100E8FF7C /* STAlertView.h */,
				AB320AB41B21B69100E8FF7C /* STAlertView.m */,
			);
			path = STAlertView;
			sourceTree = "<group>";
		};
		AB320AC51B246EC300E8FF7C /* SliderSwitch */ = {
			isa = PBXGroup;
			children = (
				AB320AC61B246EC300E8FF7C /* SliderSwitch.h */,
				AB320AC71B246EC300E8FF7C /* SliderSwitch.m */,
			);
			path = SliderSwitch;
			sourceTree = "<group>";
		};
		AB3ED7411BBED35800FE8180 /* MHTextField */ = {
			isa = PBXGroup;
			children = (
				AB3ED7421BBED35800FE8180 /* MHTextField.h */,
				AB3ED7431BBED35800FE8180 /* MHTextField.m */,
			);
			path = MHTextField;
			sourceTree = "<group>";
		};
		AB43D9071B32F3E200426AAB /* MMMaterialDesignSpinner */ = {
			isa = PBXGroup;
			children = (
				AB43D9081B32F3E200426AAB /* MMMaterialDesignSpinner.h */,
				AB43D9091B32F3E200426AAB /* MMMaterialDesignSpinner.m */,
			);
			path = MMMaterialDesignSpinner;
			sourceTree = "<group>";
		};
		AB454D321B1BD1DF00FC10CD /* Controller */ = {
			isa = PBXGroup;
			children = (
				AB454D331B1BD1DF00FC10CD /* YFRecordTVC.h */,
				AB454D341B1BD1DF00FC10CD /* YFRecordTVC.m */,
				AB3ED7621BC1409200FE8180 /* webViewVC.h */,
				AB3ED7631BC1409200FE8180 /* webViewVC.m */,
			);
			path = Controller;
			sourceTree = "<group>";
		};
		AB454D361B1BD1F100FC10CD /* Controller */ = {
			isa = PBXGroup;
			children = (
				AB454D371B1BD1F100FC10CD /* YFHistoryVC.h */,
				AB454D381B1BD1F100FC10CD /* YFHistoryVC.m */,
			);
			path = Controller;
			sourceTree = "<group>";
		};
		AB454D3A1B1BD20100FC10CD /* Controller */ = {
			isa = PBXGroup;
			children = (
				AB454D3B1B1BD20100FC10CD /* YFSettingTableViewController.h */,
				AB454D3C1B1BD20100FC10CD /* YFSettingTableViewController.m */,
				AB43D9011B305C9900426AAB /* YFAlarmTVC.h */,
				AB43D9021B305C9900426AAB /* YFAlarmTVC.m */,
				AB995DB31B3AD71C00B7ACF6 /* YFRepeatTVC.h */,
				AB995DB41B3AD71C00B7ACF6 /* YFRepeatTVC.m */,
				ABC60D801BC9D66A00B25337 /* YFSettingWebVC.h */,
				ABC60D811BC9D66A00B25337 /* YFSettingWebVC.m */,
			);
			path = Controller;
			sourceTree = "<group>";
		};
		AB4748561B1F431F003EFACE /* DropView */ = {
			isa = PBXGroup;
			children = (
				AB4748571B1F431F003EFACE /* Data */,
				AB47485C1B1F431F003EFACE /* LMComBox */,
			);
			path = DropView;
			sourceTree = "<group>";
		};
		AB4748571B1F431F003EFACE /* Data */ = {
			isa = PBXGroup;
			children = (
				AB4748581B1F431F003EFACE /* area.plist */,
				AB4748591B1F431F003EFACE /* down_dark0.png */,
				AB47485A1B1F431F003EFACE /* screentshoot1.png */,
				AB47485B1B1F431F003EFACE /* screentshoot2.png */,
			);
			path = Data;
			sourceTree = "<group>";
		};
		AB47485C1B1F431F003EFACE /* LMComBox */ = {
			isa = PBXGroup;
			children = (
				AB47485D1B1F431F003EFACE /* LMComBoxView.h */,
				AB47485E1B1F431F003EFACE /* LMComBoxView.m */,
				AB47485F1B1F431F003EFACE /* LMContainsLMComboxScrollView.h */,
				AB4748601B1F431F003EFACE /* LMContainsLMComboxScrollView.m */,
			);
			path = LMComBox;
			sourceTree = "<group>";
		};
		AB4B6C461BD1EEDC00E43A4E /* fmdb */ = {
			isa = PBXGroup;
			children = (
				AB4B6C471BD1EEDC00E43A4E /* FMDatabase.h */,
				AB4B6C481BD1EEDC00E43A4E /* FMDatabase.m */,
				AB4B6C491BD1EEDC00E43A4E /* FMDatabaseAdditions.h */,
				AB4B6C4A1BD1EEDC00E43A4E /* FMDatabaseAdditions.m */,
				AB4B6C4B1BD1EEDC00E43A4E /* FMDatabasePool.h */,
				AB4B6C4C1BD1EEDC00E43A4E /* FMDatabasePool.m */,
				AB4B6C4D1BD1EEDC00E43A4E /* FMDatabaseQueue.h */,
				AB4B6C4E1BD1EEDC00E43A4E /* FMDatabaseQueue.m */,
				AB4B6C4F1BD1EEDC00E43A4E /* FMDB.h */,
				AB4B6C501BD1EEDC00E43A4E /* FMResultSet.h */,
				AB4B6C511BD1EEDC00E43A4E /* FMResultSet.m */,
			);
			path = fmdb;
			sourceTree = "<group>";
		};
		AB4B6C521BD1EEDC00E43A4E /* Helper */ = {
			isa = PBXGroup;
			children = (
				AB4B6C531BD1EEDC00E43A4E /* LKDB+Mapping.h */,
				AB4B6C541BD1EEDC00E43A4E /* LKDB+Mapping.m */,
				AB4B6C551BD1EEDC00E43A4E /* LKDBHelper.h */,
				AB4B6C561BD1EEDC00E43A4E /* LKDBHelper.m */,
				AB4B6C571BD1EEDC00E43A4E /* LKDBUtils.h */,
				AB4B6C581BD1EEDC00E43A4E /* LKDBUtils.m */,
				AB4B6C591BD1EEDC00E43A4E /* NSObject+LKDBHelper.h */,
				AB4B6C5A1BD1EEDC00E43A4E /* NSObject+LKDBHelper.m */,
				AB4B6C5B1BD1EEDC00E43A4E /* NSObject+LKModel.h */,
				AB4B6C5C1BD1EEDC00E43A4E /* NSObject+LKModel.m */,
			);
			path = Helper;
			sourceTree = "<group>";
		};
		AB4B6C671BD1EEE800E43A4E /* LKAlarmManager */ = {
			isa = PBXGroup;
			children = (
				AB4B6C681BD1EEE800E43A4E /* LKAlarmEvent.h */,
				AB4B6C691BD1EEE800E43A4E /* LKAlarmEvent.m */,
				AB4B6C6A1BD1EEE800E43A4E /* LKAlarmMamager.h */,
				AB4B6C6B1BD1EEE800E43A4E /* LKAlarmMamager.m */,
			);
			path = LKAlarmManager;
			sourceTree = "<group>";
		};
		AB4B6C6E1BD361F100E43A4E /* BLE */ = {
			isa = PBXGroup;
			children = (
				AB4B6C6F1BD361F100E43A4E /* bleCentralManager.h */,
				AB4B6C701BD361F100E43A4E /* bleCentralManager.m */,
				AB4B6C711BD361F100E43A4E /* blePeripheral.h */,
				AB4B6C721BD361F100E43A4E /* blePeripheral.m */,
			);
			path = BLE;
			sourceTree = "<group>";
		};
		AB4C85601AE5219800D67565 = {
			isa = PBXGroup;
			children = (
				AB4C856B1AE5219800D67565 /* YF002 */,
				AB4C85851AE5219800D67565 /* YF002Tests */,
				AB2B1EB61B0B7A900038A3E0 /* Frameworks */,
				AB4C856A1AE5219800D67565 /* Products */,
				789F74B93DE57069F5B74D6B /* Pods */,
			);
			sourceTree = "<group>";
		};
		AB4C856A1AE5219800D67565 /* Products */ = {
			isa = PBXGroup;
			children = (
				AB4C85691AE5219800D67565 /* YF002.app */,
				AB4C85821AE5219800D67565 /* YF002Tests.xctest */,
			);
			name = Products;
			sourceTree = "<group>";
		};
		AB4C856B1AE5219800D67565 /* YF002 */ = {
			isa = PBXGroup;
			children = (
				AB5BB7531B0CBDFA00CB1FA8 /* classes */,
				AB4C857B1AE5219800D67565 /* LaunchScreen.xib */,
				AB457F861BC4FE0300FADEEF /* Main.storyboard */,
				AB4C856C1AE5219800D67565 /* Supporting Files */,
			);
			path = YF002;
			sourceTree = "<group>";
		};
		AB4C856C1AE5219800D67565 /* Supporting Files */ = {
			isa = PBXGroup;
			children = (
				AB497A921BB985AD0034A177 /* Images.xcassets */,
				AB5BB74B1B0CB6C500CB1FA8 /* library */,
				AB2B1EDF1B0B7DF70038A3E0 /* headTerm-Prefix.pch */,
				AB2B1EB11B0B71340038A3E0 /* Source */,
			);
			name = "Supporting Files";
			sourceTree = "<group>";
		};
		AB4C85851AE5219800D67565 /* YF002Tests */ = {
			isa = PBXGroup;
			children = (
				AB4C85881AE5219800D67565 /* YF002Tests.m */,
				AB4C85861AE5219800D67565 /* Supporting Files */,
			);
			path = YF002Tests;
			sourceTree = "<group>";
		};
		AB4C85861AE5219800D67565 /* Supporting Files */ = {
			isa = PBXGroup;
			children = (
				AB4C85871AE5219800D67565 /* Info.plist */,
			);
			name = "Supporting Files";
			sourceTree = "<group>";
		};
		AB5BB74B1B0CB6C500CB1FA8 /* library */ = {
			isa = PBXGroup;
			children = (
				AB4B6C6E1BD361F100E43A4E /* BLE */,
				AB4B6C671BD1EEE800E43A4E /* LKAlarmManager */,
				AB4B6C461BD1EEDC00E43A4E /* fmdb */,
				AB4B6C521BD1EEDC00E43A4E /* Helper */,
				ABF2397B1BC7F24C0002D3E4 /* TextFieldValidator */,
				ABB54B071BC4A50200C565B3 /* MYBlurIntroductionView */,
				AB3ED7411BBED35800FE8180 /* MHTextField */,
				AB9B0E4A1BBD66AE00F94E63 /* SVProgressHUD */,
				AB9B0E341BBD5D7200F94E63 /* BabyBluetooth */,
				AB995DB81B40516F00B7ACF6 /* YGChartLine */,
				AB43D9071B32F3E200426AAB /* MMMaterialDesignSpinner */,
				AB320AC51B246EC300E8FF7C /* SliderSwitch */,
				AB320AB11B21B69100E8FF7C /* STAlertView */,
				AB8F6D681B2077F300377D42 /* VurigCalendar */,
				AB4748561B1F431F003EFACE /* DropView */,
				ABAB51A31B10DF00001663D2 /* MZTimerLabel */,
				AB5BB74C1B0CB6C500CB1FA8 /* AKPickerView */,
			);
			path = library;
			sourceTree = "<group>";
		};
		AB5BB74C1B0CB6C500CB1FA8 /* AKPickerView */ = {
			isa = PBXGroup;
			children = (
				AB5BB74D1B0CB6C500CB1FA8 /* AKPickerView.h */,
				AB5BB74E1B0CB6C500CB1FA8 /* AKPickerView.m */,
			);
			path = AKPickerView;
			sourceTree = "<group>";
		};
		AB5BB7531B0CBDFA00CB1FA8 /* classes */ = {
			isa = PBXGroup;
			children = (
				AB5BB7541B0CBDFA00CB1FA8 /* 0Main(主要) */,
				AB5BB7621B0CBDFA00CB1FA8 /* 1Newfeature(新特性) */,
				AB5BB76A1B0CBDFA00CB1FA8 /* 2home(主页) */,
				AB5BB7741B0CBDFA00CB1FA8 /* 3record(发现) */,
				AB5BB77A1B0CBDFA00CB1FA8 /* 4history(统计) */,
				AB5BB7801B0CBDFA00CB1FA8 /* 5setting(设置) */,
				AB5BB7861B0CBDFA00CB1FA8 /* 6Other(其他) */,
			);
			path = classes;
			sourceTree = "<group>";
		};
		AB5BB7541B0CBDFA00CB1FA8 /* 0Main(主要) */ = {
			isa = PBXGroup;
			children = (
				AB5BB7551B0CBDFA00CB1FA8 /* Controller */,
				AB5BB75A1B0CBDFA00CB1FA8 /* Model */,
				AB5BB75B1B0CBDFA00CB1FA8 /* View */,
			);
			path = "0Main(主要)";
			sourceTree = "<group>";
		};
		AB5BB7551B0CBDFA00CB1FA8 /* Controller */ = {
			isa = PBXGroup;
			children = (
				AB5BB7561B0CBDFA00CB1FA8 /* YFNavigationController.h */,
				AB5BB7571B0CBDFA00CB1FA8 /* YFNavigationController.m */,
				AB5BB7581B0CBDFA00CB1FA8 /* YFTabBarViewController.h */,
				AB5BB7591B0CBDFA00CB1FA8 /* YFTabBarViewController.m */,
				AB497A8F1BB9736C0034A177 /* YFLoginVC.h */,
				AB497A901BB9736C0034A177 /* YFLoginVC.m */,
				AB9B0E531BBD787800F94E63 /* YFRegsiterVC.h */,
				AB9B0E541BBD787800F94E63 /* YFRegsiterVC.m */,
				ABB54A881BC35F3500C565B3 /* YFNewFeatureViewPVC.h */,
				ABB54A891BC35F3500C565B3 /* YFNewFeatureViewPVC.m */,
			);
			path = Controller;
			sourceTree = "<group>";
		};
		AB5BB75A1B0CBDFA00CB1FA8 /* Model */ = {
			isa = PBXGroup;
			children = (
			);
			path = Model;
			sourceTree = "<group>";
		};
		AB5BB75B1B0CBDFA00CB1FA8 /* View */ = {
			isa = PBXGroup;
			children = (
				AB497A8A1BB80C0B0034A177 /* login.storyboard */,
				ABB54B0E1BC4A69400C565B3 /* NewFeatureView1.xib */,
				ABB54B101BC4AB3200C565B3 /* NewFeatureView2.xib */,
				ABB54B121BC4AB7B00C565B3 /* NewFeatureView3.xib */,
			);
			path = View;
			sourceTree = "<group>";
		};
		AB5BB7621B0CBDFA00CB1FA8 /* 1Newfeature(新特性) */ = {
			isa = PBXGroup;
			children = (
				AB5BB7631B0CBDFA00CB1FA8 /* Controller */,
				AB5BB7661B0CBDFA00CB1FA8 /* Model */,
				AB5BB7671B0CBDFA00CB1FA8 /* View */,
			);
			path = "1Newfeature(新特性)";
			sourceTree = "<group>";
		};
		AB5BB7631B0CBDFA00CB1FA8 /* Controller */ = {
			isa = PBXGroup;
			children = (
				AB5BB7641B0CBDFA00CB1FA8 /* YFNewfeatureViewController.h */,
				AB5BB7651B0CBDFA00CB1FA8 /* YFNewfeatureViewController.m */,
			);
			path = Controller;
			sourceTree = "<group>";
		};
		AB5BB7661B0CBDFA00CB1FA8 /* Model */ = {
			isa = PBXGroup;
			children = (
			);
			path = Model;
			sourceTree = "<group>";
		};
		AB5BB7671B0CBDFA00CB1FA8 /* View */ = {
			isa = PBXGroup;
			children = (
				AB5BB7681B0CBDFA00CB1FA8 /* YFPageControl.h */,
				AB5BB7691B0CBDFA00CB1FA8 /* YFPageControl.m */,
			);
			path = View;
			sourceTree = "<group>";
		};
		AB5BB76A1B0CBDFA00CB1FA8 /* 2home(主页) */ = {
			isa = PBXGroup;
			children = (
				AB5BB76B1B0CBDFA00CB1FA8 /* Controller */,
				AB5BB7721B0CBDFA00CB1FA8 /* Model */,
				AB5BB7731B0CBDFA00CB1FA8 /* View */,
			);
			path = "2home(主页)";
			sourceTree = "<group>";
		};
		AB5BB76B1B0CBDFA00CB1FA8 /* Controller */ = {
			isa = PBXGroup;
			children = (
				AB3ED6AD1BBE250500FE8180 /* YFChooseParameterVC.h */,
				AB3ED6AE1BBE250500FE8180 /* YFChooseParameterVC.m */,
				AB5BB76C1B0CBDFA00CB1FA8 /* YFHomeViewController.h */,
				AB5BB76D1B0CBDFA00CB1FA8 /* YFHomeViewController.m */,
				AB497A871BB0C97D0034A177 /* YFPamameterItemTableViewController.h */,
				AB497A881BB0C97D0034A177 /* YFPamameterItemTableViewController.m */,
				ABB54A851BC28BC100C565B3 /* YFDoneVC.h */,
				ABB54A861BC28BC100C565B3 /* YFDoneVC.m */,
			);
			path = Controller;
			sourceTree = "<group>";
		};
		AB5BB7721B0CBDFA00CB1FA8 /* Model */ = {
			isa = PBXGroup;
			children = (
				AB3ED7451BBF65B000FE8180 /* PeripheralInfo.h */,
				AB3ED7461BBF65B000FE8180 /* PeripheralInfo.m */,
				ABB43DE81B134783000C83AA /* YFTreatParameterItem.h */,
				ABB43DE91B134783000C83AA /* YFTreatParameterItem.m */,
			);
			path = Model;
			sourceTree = "<group>";
		};
		AB5BB7731B0CBDFA00CB1FA8 /* View */ = {
			isa = PBXGroup;
			children = (
				AB4B6C751BD367B800E43A4E /* cell.h */,
				AB4B6C761BD367B800E43A4E /* cell.m */,
				AB4B6C771BD367B800E43A4E /* cell.xib */,
				ABB43DF41B15EBA8000C83AA /* treatParameterItemsViewCell.h */,
				ABB43DF51B15EBA8000C83AA /* treatParameterItemsViewCell.m */,
				ABB43DF61B15EBA8000C83AA /* treatParameterItemsViewCell.xib */,
			);
			path = View;
			sourceTree = "<group>";
		};
		AB5BB7741B0CBDFA00CB1FA8 /* 3record(发现) */ = {
			isa = PBXGroup;
			children = (
				AB454D321B1BD1DF00FC10CD /* Controller */,
				AB5BB7781B0CBDFA00CB1FA8 /* Model */,
				AB5BB7791B0CBDFA00CB1FA8 /* View */,
			);
			name = "3record(发现)";
			path = "3record(记录)";
			sourceTree = "<group>";
		};
		AB5BB7781B0CBDFA00CB1FA8 /* Model */ = {
			isa = PBXGroup;
			children = (
			);
			path = Model;
			sourceTree = "<group>";
		};
		AB5BB7791B0CBDFA00CB1FA8 /* View */ = {
			isa = PBXGroup;
			children = (
				ABD3FE501B1B1D1900190AE5 /* treatRecordTVCell.h */,
				ABD3FE511B1B1D1900190AE5 /* treatRecordTVCell.m */,
				ABD3FE521B1B1D1900190AE5 /* treatRecordTVCell.xib */,
			);
			path = View;
			sourceTree = "<group>";
		};
		AB5BB77A1B0CBDFA00CB1FA8 /* 4history(统计) */ = {
			isa = PBXGroup;
			children = (
				AB454D361B1BD1F100FC10CD /* Controller */,
				AB5BB77E1B0CBDFA00CB1FA8 /* Model */,
				AB5BB77F1B0CBDFA00CB1FA8 /* View */,
			);
			name = "4history(统计)";
			path = "4history(历史)";
			sourceTree = "<group>";
		};
		AB5BB77E1B0CBDFA00CB1FA8 /* Model */ = {
			isa = PBXGroup;
			children = (
			);
			path = Model;
			sourceTree = "<group>";
		};
		AB5BB77F1B0CBDFA00CB1FA8 /* View */ = {
			isa = PBXGroup;
			children = (
			);
			path = View;
			sourceTree = "<group>";
		};
		AB5BB7801B0CBDFA00CB1FA8 /* 5setting(设置) */ = {
			isa = PBXGroup;
			children = (
				AB454D3A1B1BD20100FC10CD /* Controller */,
				AB5BB7841B0CBDFA00CB1FA8 /* Model */,
				AB5BB7851B0CBDFA00CB1FA8 /* View */,
			);
			path = "5setting(设置)";
			sourceTree = "<group>";
		};
		AB5BB7841B0CBDFA00CB1FA8 /* Model */ = {
			isa = PBXGroup;
			children = (
				AB3ED7671BC16E1E00FE8180 /* YFNewAlarmTableViewCell.h */,
				AB3ED7681BC16E1E00FE8180 /* YFNewAlarmTableViewCell.m */,
				AB4C83E71BC255C3006EBADF /* YFAlarmBtnTableViewCell.h */,
				AB4C83E81BC255C3006EBADF /* YFAlarmBtnTableViewCell.m */,
			);
			path = Model;
			sourceTree = "<group>";
		};
		AB5BB7851B0CBDFA00CB1FA8 /* View */ = {
			isa = PBXGroup;
			children = (
				AB3ED7651BC1648300FE8180 /* NewAlarm.xib */,
				AB4C83E51BC253DB006EBADF /* YFAlarmBtn.xib */,
			);
			path = View;
			sourceTree = "<group>";
		};
		AB5BB7861B0CBDFA00CB1FA8 /* 6Other(其他) */ = {
			isa = PBXGroup;
			children = (
				AB5BB7871B0CBDFA00CB1FA8 /* main.m */,
				AB5BB7881B0CBDFA00CB1FA8 /* YFAppDelegate.h */,
				AB5BB7891B0CBDFA00CB1FA8 /* YFAppDelegate.m */,
			);
			path = "6Other(其他)";
			sourceTree = "<group>";
		};
		AB8F6D681B2077F300377D42 /* VurigCalendar */ = {
			isa = PBXGroup;
			children = (
				AB8F6D691B2077F300377D42 /* NSDate+convenience.h */,
				AB8F6D6A1B2077F300377D42 /* NSDate+convenience.m */,
				AB8F6D6B1B2077F300377D42 /* NSMutableArray+convenience.h */,
				AB8F6D6C1B2077F300377D42 /* NSMutableArray+convenience.m */,
				AB8F6D6D1B2077F300377D42 /* UIColor+expanded.h */,
				AB8F6D6E1B2077F300377D42 /* UIColor+expanded.m */,
				AB8F6D6F1B2077F300377D42 /* UIView+convenience.h */,
				AB8F6D701B2077F300377D42 /* UIView+convenience.m */,
				AB8F6D731B2077F300377D42 /* VRGCalendarView.h */,
				AB8F6D741B2077F300377D42 /* VRGCalendarView.m */,
			);
			path = VurigCalendar;
			sourceTree = "<group>";
		};
		AB995DB81B40516F00B7ACF6 /* YGChartLine */ = {
			isa = PBXGroup;
			children = (
				AB995DB91B40516F00B7ACF6 /* chatView.h */,
				AB995DBA1B40516F00B7ACF6 /* chatView.m */,
				AB995DBB1B40516F00B7ACF6 /* InfoView.h */,
				AB995DBC1B40516F00B7ACF6 /* InfoView.m */,
				AB995DBD1B40516F00B7ACF6 /* UIKit+DrawingHelpers.h */,
				AB995DBE1B40516F00B7ACF6 /* UIKit+DrawingHelpers.m */,
			);
			path = YGChartLine;
			sourceTree = "<group>";
		};
		AB9B0E341BBD5D7200F94E63 /* BabyBluetooth */ = {
			isa = PBXGroup;
			children = (
				AB9B0E351BBD5D7200F94E63 /* BabyBluetooth.h */,
				AB9B0E361BBD5D7200F94E63 /* BabyBluetooth.m */,
				AB9B0E371BBD5D7200F94E63 /* BabyCallback.h */,
				AB9B0E381BBD5D7200F94E63 /* BabyCallback.m */,
				AB9B0E391BBD5D7200F94E63 /* BabyOptions.h */,
				AB9B0E3A1BBD5D7200F94E63 /* BabyOptions.m */,
				AB9B0E3B1BBD5D7200F94E63 /* BabyRhythm.h */,
				AB9B0E3C1BBD5D7200F94E63 /* BabyRhythm.m */,
				AB9B0E3D1BBD5D7200F94E63 /* Babysister.h */,
				AB9B0E3E1BBD5D7200F94E63 /* Babysister.m */,
				AB9B0E3F1BBD5D7200F94E63 /* BabySpeaker.h */,
				AB9B0E401BBD5D7200F94E63 /* BabySpeaker.m */,
				AB9B0E411BBD5D7200F94E63 /* BabyToy.h */,
				AB9B0E421BBD5D7200F94E63 /* BabyToy.m */,
			);
			path = BabyBluetooth;
			sourceTree = "<group>";
		};
		AB9B0E4A1BBD66AE00F94E63 /* SVProgressHUD */ = {
			isa = PBXGroup;
			children = (
				AB9B0E4B1BBD66AE00F94E63 /* SVIndefiniteAnimatedView.h */,
				AB9B0E4C1BBD66AE00F94E63 /* SVIndefiniteAnimatedView.m */,
				AB9B0E4D1BBD66AE00F94E63 /* SVProgressHUD.bundle */,
				AB9B0E4E1BBD66AE00F94E63 /* SVProgressHUD.h */,
				AB9B0E4F1BBD66AE00F94E63 /* SVProgressHUD.m */,
			);
			path = SVProgressHUD;
			sourceTree = "<group>";
		};
		ABAB51A31B10DF00001663D2 /* MZTimerLabel */ = {
			isa = PBXGroup;
			children = (
				ABAB51A41B10DF00001663D2 /* Info.plist */,
				ABAB51A51B10DF00001663D2 /* MZTimerLabel.h */,
				ABAB51A61B10DF00001663D2 /* MZTimerLabel.m */,
			);
			path = MZTimerLabel;
			sourceTree = "<group>";
		};
		ABB54B071BC4A50200C565B3 /* MYBlurIntroductionView */ = {
			isa = PBXGroup;
			children = (
				ABB54B081BC4A50200C565B3 /* MYBlurIntroductionView.h */,
				ABB54B091BC4A50200C565B3 /* MYBlurIntroductionView.m */,
				ABB54B0A1BC4A50200C565B3 /* MYIntroductionPanel.h */,
				ABB54B0B1BC4A50200C565B3 /* MYIntroductionPanel.m */,
			);
			path = MYBlurIntroductionView;
			sourceTree = "<group>";
		};
		ABF2397B1BC7F24C0002D3E4 /* TextFieldValidator */ = {
			isa = PBXGroup;
			children = (
				ABF2397C1BC7F24C0002D3E4 /* TextFieldValidator.h */,
				ABF2397D1BC7F24C0002D3E4 /* TextFieldValidator.m */,
			);
			path = TextFieldValidator;
			sourceTree = "<group>";
		};
/* End PBXGroup section */

/* Begin PBXNativeTarget section */
		AB4C85681AE5219800D67565 /* YF002 */ = {
			isa = PBXNativeTarget;
			buildConfigurationList = AB4C858C1AE5219800D67565 /* Build configuration list for PBXNativeTarget "YF002" */;
			buildPhases = (
				0BCEF9B72AE5F095F92F160C /* Check Pods Manifest.lock */,
				AB4C85651AE5219800D67565 /* Sources */,
				AB4C85661AE5219800D67565 /* Frameworks */,
				AB4C85671AE5219800D67565 /* Resources */,
				B3954C689C4A6EA531B13046 /* Copy Pods Resources */,
			);
			buildRules = (
			);
			dependencies = (
			);
			name = YF002;
			productName = YF002;
			productReference = AB4C85691AE5219800D67565 /* YF002.app */;
			productType = "com.apple.product-type.application";
		};
		AB4C85811AE5219800D67565 /* YF002Tests */ = {
			isa = PBXNativeTarget;
			buildConfigurationList = AB4C858F1AE5219800D67565 /* Build configuration list for PBXNativeTarget "YF002Tests" */;
			buildPhases = (
				AB4C857E1AE5219800D67565 /* Sources */,
				AB4C857F1AE5219800D67565 /* Frameworks */,
				AB4C85801AE5219800D67565 /* Resources */,
			);
			buildRules = (
			);
			dependencies = (
				AB4C85841AE5219800D67565 /* PBXTargetDependency */,
			);
			name = YF002Tests;
			productName = YF002Tests;
			productReference = AB4C85821AE5219800D67565 /* YF002Tests.xctest */;
			productType = "com.apple.product-type.bundle.unit-test";
		};
/* End PBXNativeTarget section */

/* Begin PBXProject section */
		AB4C85611AE5219800D67565 /* Project object */ = {
			isa = PBXProject;
			attributes = {
				LastUpgradeCheck = 0640;
				ORGANIZATIONNAME = Mushroom;
				TargetAttributes = {
					AB4C85681AE5219800D67565 = {
						CreatedOnToolsVersion = 6.1.1;
						DevelopmentTeam = 62G84Z3MVG;
						SystemCapabilities = {
							com.apple.BackgroundModes = {
								enabled = 1;
							};
						};
					};
					AB4C85811AE5219800D67565 = {
						CreatedOnToolsVersion = 6.1.1;
						TestTargetID = AB4C85681AE5219800D67565;
					};
				};
			};
			buildConfigurationList = AB4C85641AE5219800D67565 /* Build configuration list for PBXProject "YF002" */;
			compatibilityVersion = "Xcode 3.2";
			developmentRegion = English;
			hasScannedForEncodings = 0;
			knownRegions = (
				Base,
				"zh-Hans",
				en,
			);
			mainGroup = AB4C85601AE5219800D67565;
			productRefGroup = AB4C856A1AE5219800D67565 /* Products */;
			projectDirPath = "";
			projectRoot = "";
			targets = (
				AB4C85681AE5219800D67565 /* YF002 */,
				AB4C85811AE5219800D67565 /* YF002Tests */,
			);
		};
/* End PBXProject section */

/* Begin PBXResourcesBuildPhase section */
		AB4C85671AE5219800D67565 /* Resources */ = {
			isa = PBXResourcesBuildPhase;
			buildActionMask = 2147483647;
			files = (
				ABB54B131BC4AB7B00C565B3 /* NewFeatureView3.xib in Resources */,
				AB4B6C791BD367B800E43A4E /* cell.xib in Resources */,
				AB3ED7661BC1648300FE8180 /* NewAlarm.xib in Resources */,
				AB4748631B1F431F003EFACE /* screentshoot1.png in Resources */,
				AB9B0E511BBD66AE00F94E63 /* SVProgressHUD.bundle in Resources */,
				AB4750FF1B1899470033B878 /* treatItem.plist in Resources */,
				ABAB51A71B10DF00001663D2 /* Info.plist in Resources */,
				ABB54B0F1BC4A69400C565B3 /* NewFeatureView1.xib in Resources */,
				ABB43DEC1B147EB9000C83AA /* treatItemList.plist in Resources */,
				AB4748641B1F431F003EFACE /* screentshoot2.png in Resources */,
				AB4748621B1F431F003EFACE /* down_dark0.png in Resources */,
				AB457F881BC4FE0300FADEEF /* Main.storyboard in Resources */,
				ABB54B111BC4AB3200C565B3 /* NewFeatureView2.xib in Resources */,
				ABD3FE4C1B1B19F100190AE5 /* treatHistory.plist in Resources */,
				AB497A931BB985AD0034A177 /* Images.xcassets in Resources */,
				AB4748611B1F431F003EFACE /* area.plist in Resources */,
				AB497A8B1BB80C0B0034A177 /* login.storyboard in Resources */,
				AB4C857D1AE5219800D67565 /* LaunchScreen.xib in Resources */,
				ABD3FE541B1B1D1900190AE5 /* treatRecordTVCell.xib in Resources */,
				ABB43DF81B15EBA8000C83AA /* treatParameterItemsViewCell.xib in Resources */,
				AB320AB51B21B69100E8FF7C /* .gitkeep in Resources */,
				AB4C83E61BC253DB006EBADF /* YFAlarmBtn.xib in Resources */,
			);
			runOnlyForDeploymentPostprocessing = 0;
		};
		AB4C85801AE5219800D67565 /* Resources */ = {
			isa = PBXResourcesBuildPhase;
			buildActionMask = 2147483647;
			files = (
			);
			runOnlyForDeploymentPostprocessing = 0;
		};
/* End PBXResourcesBuildPhase section */

/* Begin PBXShellScriptBuildPhase section */
		0BCEF9B72AE5F095F92F160C /* Check Pods Manifest.lock */ = {
			isa = PBXShellScriptBuildPhase;
			buildActionMask = 2147483647;
			files = (
			);
			inputPaths = (
			);
			name = "Check Pods Manifest.lock";
			outputPaths = (
			);
			runOnlyForDeploymentPostprocessing = 0;
			shellPath = /bin/sh;
			shellScript = "diff \"${PODS_ROOT}/../Podfile.lock\" \"${PODS_ROOT}/Manifest.lock\" > /dev/null\nif [[ $? != 0 ]] ; then\n    cat << EOM\nerror: The sandbox is not in sync with the Podfile.lock. Run 'pod install' or update your CocoaPods installation.\nEOM\n    exit 1\nfi\n";
			showEnvVarsInLog = 0;
		};
		B3954C689C4A6EA531B13046 /* Copy Pods Resources */ = {
			isa = PBXShellScriptBuildPhase;
			buildActionMask = 2147483647;
			files = (
			);
			inputPaths = (
			);
			name = "Copy Pods Resources";
			outputPaths = (
			);
			runOnlyForDeploymentPostprocessing = 0;
			shellPath = /bin/sh;
			shellScript = "\"${SRCROOT}/Pods/Target Support Files/Pods/Pods-resources.sh\"\n";
			showEnvVarsInLog = 0;
		};
/* End PBXShellScriptBuildPhase section */

/* Begin PBXSourcesBuildPhase section */
		AB4C85651AE5219800D67565 /* Sources */ = {
			isa = PBXSourcesBuildPhase;
			buildActionMask = 2147483647;
			files = (
				AB497A891BB0C97D0034A177 /* YFPamameterItemTableViewController.m in Sources */,
				AB995DBF1B40516F00B7ACF6 /* chatView.m in Sources */,
				ABB43DEA1B134783000C83AA /* YFTreatParameterItem.m in Sources */,
				ABB54B0C1BC4A50200C565B3 /* MYBlurIntroductionView.m in Sources */,
				AB320AB61B21B69100E8FF7C /* STAlertView.m in Sources */,
				AB9B0E521BBD66AE00F94E63 /* SVProgressHUD.m in Sources */,
				AB4748651B1F431F003EFACE /* LMComBoxView.m in Sources */,
				ABB54B0D1BC4A50200C565B3 /* MYIntroductionPanel.m in Sources */,
				AB3ED7471BBF65B000FE8180 /* PeripheralInfo.m in Sources */,
				ABAB51A81B10DF00001663D2 /* MZTimerLabel.m in Sources */,
				AB9B0E441BBD5D7200F94E63 /* BabyCallback.m in Sources */,
				AB5BB7981B0CBDFA00CB1FA8 /* YFAppDelegate.m in Sources */,
				ABB43DF71B15EBA8000C83AA /* treatParameterItemsViewCell.m in Sources */,
				AB3ED7641BC1409200FE8180 /* webViewVC.m in Sources */,
				AB43D90A1B32F3E200426AAB /* MMMaterialDesignSpinner.m in Sources */,
				AB9B0E481BBD5D7200F94E63 /* BabySpeaker.m in Sources */,
				AB4B6C641BD1EEDC00E43A4E /* LKDBUtils.m in Sources */,
				AB4748661B1F431F003EFACE /* LMContainsLMComboxScrollView.m in Sources */,
				AB995DC01B40516F00B7ACF6 /* InfoView.m in Sources */,
				AB8F6D7A1B2077F300377D42 /* VRGCalendarView.m in Sources */,
				AB4B6C661BD1EEDC00E43A4E /* NSObject+LKModel.m in Sources */,
				AB4B6C741BD361F100E43A4E /* blePeripheral.m in Sources */,
				AB454D391B1BD1F100FC10CD /* YFHistoryVC.m in Sources */,
				AB8F6D751B2077F300377D42 /* NSDate+convenience.m in Sources */,
				AB43D9031B305C9900426AAB /* YFAlarmTVC.m in Sources */,
				AB5BB78A1B0CBDFA00CB1FA8 /* YFNavigationController.m in Sources */,
				ABB54A8A1BC35F3500C565B3 /* YFNewFeatureViewPVC.m in Sources */,
				AB9B0E431BBD5D7200F94E63 /* BabyBluetooth.m in Sources */,
				AB5BB7911B0CBDFA00CB1FA8 /* YFHomeViewController.m in Sources */,
				AB9B0E551BBD787800F94E63 /* YFRegsiterVC.m in Sources */,
				AB497A911BB9736C0034A177 /* YFLoginVC.m in Sources */,
				AB9B0E501BBD66AE00F94E63 /* SVIndefiniteAnimatedView.m in Sources */,
				AB4B6C6C1BD1EEE800E43A4E /* LKAlarmEvent.m in Sources */,
				ABD3FE531B1B1D1900190AE5 /* treatRecordTVCell.m in Sources */,
				AB4B6C731BD361F100E43A4E /* bleCentralManager.m in Sources */,
				AB4B6C651BD1EEDC00E43A4E /* NSObject+LKDBHelper.m in Sources */,
				AB8F6D761B2077F300377D42 /* NSMutableArray+convenience.m in Sources */,
				ABB54A871BC28BC100C565B3 /* YFDoneVC.m in Sources */,
				AB4B6C611BD1EEDC00E43A4E /* FMResultSet.m in Sources */,
				AB8F6D771B2077F300377D42 /* UIColor+expanded.m in Sources */,
				AB5BB7971B0CBDFA00CB1FA8 /* main.m in Sources */,
				AB9B0E451BBD5D7200F94E63 /* BabyOptions.m in Sources */,
				AB4B6C601BD1EEDC00E43A4E /* FMDatabaseQueue.m in Sources */,
				AB3ED7691BC16E1E00FE8180 /* YFNewAlarmTableViewCell.m in Sources */,
				AB5BB78B1B0CBDFA00CB1FA8 /* YFTabBarViewController.m in Sources */,
				ABC60D821BC9D66A00B25337 /* YFSettingWebVC.m in Sources */,
				AB454D3D1B1BD20100FC10CD /* YFSettingTableViewController.m in Sources */,
				AB4B6C5F1BD1EEDC00E43A4E /* FMDatabasePool.m in Sources */,
				AB5BB78F1B0CBDFA00CB1FA8 /* YFNewfeatureViewController.m in Sources */,
				AB8F6D781B2077F300377D42 /* UIView+convenience.m in Sources */,
				AB9B0E471BBD5D7200F94E63 /* Babysister.m in Sources */,
				ABF2397E1BC7F24C0002D3E4 /* TextFieldValidator.m in Sources */,
				AB3ED7441BBED35800FE8180 /* MHTextField.m in Sources */,
				AB9B0E461BBD5D7200F94E63 /* BabyRhythm.m in Sources */,
				AB4B6C5E1BD1EEDC00E43A4E /* FMDatabaseAdditions.m in Sources */,
				AB4B6C781BD367B800E43A4E /* cell.m in Sources */,
				AB454D351B1BD1DF00FC10CD /* YFRecordTVC.m in Sources */,
				AB5BB74F1B0CB6C500CB1FA8 /* AKPickerView.m in Sources */,
				AB4B6C621BD1EEDC00E43A4E /* LKDB+Mapping.m in Sources */,
				AB995DB51B3AD71C00B7ACF6 /* YFRepeatTVC.m in Sources */,
				AB4B6C6D1BD1EEE800E43A4E /* LKAlarmMamager.m in Sources */,
				AB5BB7901B0CBDFA00CB1FA8 /* YFPageControl.m in Sources */,
				AB3ED6AF1BBE250500FE8180 /* YFChooseParameterVC.m in Sources */,
				AB4C83E91BC255C3006EBADF /* YFAlarmBtnTableViewCell.m in Sources */,
				AB4B6C631BD1EEDC00E43A4E /* LKDBHelper.m in Sources */,
				AB995DC11B40516F00B7ACF6 /* UIKit+DrawingHelpers.m in Sources */,
				AB320AC81B246EC300E8FF7C /* SliderSwitch.m in Sources */,
				AB9B0E491BBD5D7200F94E63 /* BabyToy.m in Sources */,
				AB4B6C5D1BD1EEDC00E43A4E /* FMDatabase.m in Sources */,
			);
			runOnlyForDeploymentPostprocessing = 0;
		};
		AB4C857E1AE5219800D67565 /* Sources */ = {
			isa = PBXSourcesBuildPhase;
			buildActionMask = 2147483647;
			files = (
				AB4C85891AE5219800D67565 /* YF002Tests.m in Sources */,
			);
			runOnlyForDeploymentPostprocessing = 0;
		};
/* End PBXSourcesBuildPhase section */

/* Begin PBXTargetDependency section */
		AB4C85841AE5219800D67565 /* PBXTargetDependency */ = {
			isa = PBXTargetDependency;
			target = AB4C85681AE5219800D67565 /* YF002 */;
			targetProxy = AB4C85831AE5219800D67565 /* PBXContainerItemProxy */;
		};
/* End PBXTargetDependency section */

/* Begin PBXVariantGroup section */
		AB457F861BC4FE0300FADEEF /* Main.storyboard */ = {
			isa = PBXVariantGroup;
			children = (
				AB457F871BC4FE0300FADEEF /* Base */,
			);
			name = Main.storyboard;
			sourceTree = "<group>";
		};
		AB4C857B1AE5219800D67565 /* LaunchScreen.xib */ = {
			isa = PBXVariantGroup;
			children = (
				AB4C857C1AE5219800D67565 /* Base */,
			);
			name = LaunchScreen.xib;
			sourceTree = "<group>";
		};
/* End PBXVariantGroup section */

/* Begin XCBuildConfiguration section */
		AB4C858A1AE5219800D67565 /* Debug */ = {
			isa = XCBuildConfiguration;
			buildSettings = {
				ALWAYS_SEARCH_USER_PATHS = NO;
				CLANG_CXX_LANGUAGE_STANDARD = "gnu++0x";
				CLANG_CXX_LIBRARY = "libc++";
				CLANG_ENABLE_MODULES = YES;
				CLANG_ENABLE_OBJC_ARC = YES;
				CLANG_WARN_BOOL_CONVERSION = YES;
				CLANG_WARN_CONSTANT_CONVERSION = YES;
				CLANG_WARN_DIRECT_OBJC_ISA_USAGE = YES_ERROR;
				CLANG_WARN_EMPTY_BODY = YES;
				CLANG_WARN_ENUM_CONVERSION = YES;
				CLANG_WARN_INT_CONVERSION = YES;
				CLANG_WARN_OBJC_ROOT_CLASS = YES_ERROR;
				CLANG_WARN_UNREACHABLE_CODE = YES;
				CLANG_WARN__DUPLICATE_METHOD_MATCH = YES;
				"CODE_SIGN_IDENTITY[sdk=iphoneos*]" = "iPhone Developer";
				COPY_PHASE_STRIP = NO;
				ENABLE_STRICT_OBJC_MSGSEND = YES;
				GCC_C_LANGUAGE_STANDARD = gnu99;
				GCC_DYNAMIC_NO_PIC = NO;
				GCC_OPTIMIZATION_LEVEL = 0;
				GCC_PREPROCESSOR_DEFINITIONS = (
					"DEBUG=1",
					"$(inherited)",
				);
				GCC_SYMBOLS_PRIVATE_EXTERN = NO;
				GCC_WARN_64_TO_32_BIT_CONVERSION = YES;
				GCC_WARN_ABOUT_RETURN_TYPE = YES_ERROR;
				GCC_WARN_UNDECLARED_SELECTOR = YES;
				GCC_WARN_UNINITIALIZED_AUTOS = YES_AGGRESSIVE;
				GCC_WARN_UNUSED_FUNCTION = YES;
				GCC_WARN_UNUSED_VARIABLE = YES;
				IPHONEOS_DEPLOYMENT_TARGET = 7.1;
				MTL_ENABLE_DEBUG_INFO = YES;
				ONLY_ACTIVE_ARCH = YES;
				SDKROOT = iphoneos;
			};
			name = Debug;
		};
		AB4C858B1AE5219800D67565 /* Release */ = {
			isa = XCBuildConfiguration;
			buildSettings = {
				ALWAYS_SEARCH_USER_PATHS = NO;
				CLANG_CXX_LANGUAGE_STANDARD = "gnu++0x";
				CLANG_CXX_LIBRARY = "libc++";
				CLANG_ENABLE_MODULES = YES;
				CLANG_ENABLE_OBJC_ARC = YES;
				CLANG_WARN_BOOL_CONVERSION = YES;
				CLANG_WARN_CONSTANT_CONVERSION = YES;
				CLANG_WARN_DIRECT_OBJC_ISA_USAGE = YES_ERROR;
				CLANG_WARN_EMPTY_BODY = YES;
				CLANG_WARN_ENUM_CONVERSION = YES;
				CLANG_WARN_INT_CONVERSION = YES;
				CLANG_WARN_OBJC_ROOT_CLASS = YES_ERROR;
				CLANG_WARN_UNREACHABLE_CODE = YES;
				CLANG_WARN__DUPLICATE_METHOD_MATCH = YES;
				"CODE_SIGN_IDENTITY[sdk=iphoneos*]" = "iPhone Developer";
				COPY_PHASE_STRIP = YES;
				ENABLE_NS_ASSERTIONS = NO;
				ENABLE_STRICT_OBJC_MSGSEND = YES;
				GCC_C_LANGUAGE_STANDARD = gnu99;
				GCC_WARN_64_TO_32_BIT_CONVERSION = YES;
				GCC_WARN_ABOUT_RETURN_TYPE = YES_ERROR;
				GCC_WARN_UNDECLARED_SELECTOR = YES;
				GCC_WARN_UNINITIALIZED_AUTOS = YES_AGGRESSIVE;
				GCC_WARN_UNUSED_FUNCTION = YES;
				GCC_WARN_UNUSED_VARIABLE = YES;
				IPHONEOS_DEPLOYMENT_TARGET = 7.1;
				MTL_ENABLE_DEBUG_INFO = NO;
				SDKROOT = iphoneos;
				VALIDATE_PRODUCT = YES;
			};
			name = Release;
		};
		AB4C858D1AE5219800D67565 /* Debug */ = {
			isa = XCBuildConfiguration;
			baseConfigurationReference = D1C255E4AB440494A98A47B9 /* Pods.debug.xcconfig */;
			buildSettings = {
				ASSETCATALOG_COMPILER_APPICON_NAME = AppIcon;
				ASSETCATALOG_COMPILER_LAUNCHIMAGE_NAME = LaunchImage;
				CODE_SIGN_IDENTITY = "iPhone Developer";
				GCC_INPUT_FILETYPE = automatic;
				INFOPLIST_FILE = YF002/Info.plist;
				IPHONEOS_DEPLOYMENT_TARGET = 7.1;
				LD_RUNPATH_SEARCH_PATHS = "$(inherited) @executable_path/Frameworks";
				ONLY_ACTIVE_ARCH = YES;
				PRODUCT_NAME = "$(TARGET_NAME)";
				TARGETED_DEVICE_FAMILY = 1;
			};
			name = Debug;
		};
		AB4C858E1AE5219800D67565 /* Release */ = {
			isa = XCBuildConfiguration;
			baseConfigurationReference = B12C35F9AB4866DF05DEB49C /* Pods.release.xcconfig */;
			buildSettings = {
				ASSETCATALOG_COMPILER_APPICON_NAME = AppIcon;
				ASSETCATALOG_COMPILER_LAUNCHIMAGE_NAME = LaunchImage;
				CODE_SIGN_IDENTITY = "iPhone Developer";
				GCC_INPUT_FILETYPE = automatic;
				INFOPLIST_FILE = YF002/Info.plist;
				IPHONEOS_DEPLOYMENT_TARGET = 7.1;
				LD_RUNPATH_SEARCH_PATHS = "$(inherited) @executable_path/Frameworks";
				ONLY_ACTIVE_ARCH = NO;
				PRODUCT_NAME = "$(TARGET_NAME)";
				TARGETED_DEVICE_FAMILY = 1;
			};
			name = Release;
		};
		AB4C85901AE5219800D67565 /* Debug */ = {
			isa = XCBuildConfiguration;
			buildSettings = {
				BUNDLE_LOADER = "$(TEST_HOST)";
				FRAMEWORK_SEARCH_PATHS = (
					"$(SDKROOT)/Developer/Library/Frameworks",
					"$(inherited)",
				);
				GCC_PREPROCESSOR_DEFINITIONS = (
					"DEBUG=1",
					"$(inherited)",
				);
				INFOPLIST_FILE = YF002Tests/Info.plist;
				LD_RUNPATH_SEARCH_PATHS = "$(inherited) @executable_path/Frameworks @loader_path/Frameworks";
				PRODUCT_NAME = "$(TARGET_NAME)";
				TEST_HOST = "$(BUILT_PRODUCTS_DIR)/YF002.app/YF002";
			};
			name = Debug;
		};
		AB4C85911AE5219800D67565 /* Release */ = {
			isa = XCBuildConfiguration;
			buildSettings = {
				BUNDLE_LOADER = "$(TEST_HOST)";
				FRAMEWORK_SEARCH_PATHS = (
					"$(SDKROOT)/Developer/Library/Frameworks",
					"$(inherited)",
				);
				INFOPLIST_FILE = YF002Tests/Info.plist;
				LD_RUNPATH_SEARCH_PATHS = "$(inherited) @executable_path/Frameworks @loader_path/Frameworks";
				PRODUCT_NAME = "$(TARGET_NAME)";
				TEST_HOST = "$(BUILT_PRODUCTS_DIR)/YF002.app/YF002";
			};
			name = Release;
		};
/* End XCBuildConfiguration section */

/* Begin XCConfigurationList section */
		AB4C85641AE5219800D67565 /* Build configuration list for PBXProject "YF002" */ = {
			isa = XCConfigurationList;
			buildConfigurations = (
				AB4C858A1AE5219800D67565 /* Debug */,
				AB4C858B1AE5219800D67565 /* Release */,
			);
			defaultConfigurationIsVisible = 0;
			defaultConfigurationName = Release;
		};
		AB4C858C1AE5219800D67565 /* Build configuration list for PBXNativeTarget "YF002" */ = {
			isa = XCConfigurationList;
			buildConfigurations = (
				AB4C858D1AE5219800D67565 /* Debug */,
				AB4C858E1AE5219800D67565 /* Release */,
			);
			defaultConfigurationIsVisible = 0;
			defaultConfigurationName = Release;
		};
		AB4C858F1AE5219800D67565 /* Build configuration list for PBXNativeTarget "YF002Tests" */ = {
			isa = XCConfigurationList;
			buildConfigurations = (
				AB4C85901AE5219800D67565 /* Debug */,
				AB4C85911AE5219800D67565 /* Release */,
			);
			defaultConfigurationIsVisible = 0;
			defaultConfigurationName = Release;
		};
/* End XCConfigurationList section */
	};
	rootObject = AB4C85611AE5219800D67565 /* Project object */;
}
